{
  "object": {
    "pins": [
      {
        "package": "AppCenter",
        "repositoryURL": "https://github.com/microsoft/appcenter-sdk-apple",
        "state": {
          "branch": null,
          "revision": "013bffe628b49433d7bc334146a4ed8c507c0e32",
          "version": "4.1.1"
        }
      },
      {
        "package": "CombineX",
        "repositoryURL": "https://github.com/cx-org/CombineX",
        "state": {
          "branch": null,
          "revision": "b9afefe14653f02a80a9f5aa546859e99073d0c8",
          "version": "0.3.1"
        }
      },
      {
        "package": "CXExtensions",
        "repositoryURL": "https://github.com/cx-org/CXExtensions",
        "state": {
          "branch": null,
          "revision": "6843af94bfaedfe90df1435c1a6c83cc3366a62b",
          "version": "0.3.0"
        }
      },
      {
        "package": "GenericID",
        "repositoryURL": "https://github.com/ddddxxx/GenericID",
        "state": {
          "branch": null,
          "revision": "31594c0f73306bb338316d7beec505e9b8b40dc1",
          "version": "0.6.0"
        }
      },
      {
        "package": "Gzip",
        "repositoryURL": "https://github.com/1024jp/GzipSwift",
        "state": {
          "branch": null,
          "revision": "ba0b6cb51cc6202f896e469b87d2889a46b10d1b",
          "version": "5.1.1"
        }
      },
      {
        "package": "LyricsKit",
        "repositoryURL": "https://github.com/ddddxxx/LyricsKit",
        "state": {
          "branch": null,
          "revision": "1f8a3b3f40ff8b040d18fc8b402561bb3effed6c",
          "version": "0.10.0"
        }
      },
      {
        "package": "MusicPlayer",
        "repositoryURL": "https://github.com/ddddxxx/MusicPlayer",
        "state": {
          "branch": null,
          "revision": "06e040a3403c0fb84da1da17be5b3279d9d5156f",
          "version": "0.7.2"
        }
      },
      {
        "package": "PLCrashReporter",
        "repositoryURL": "https://github.com/microsoft/PLCrashReporter.git",
        "state": {
          "branch": null,
          "revision": "de6b8f9db4b2a0aa859a5507550a70548e4da936",
          "version": "1.8.1"
        }
      },
      {
        "package": "Regex",
        "repositoryURL": "https://github.com/ddddxxx/Regex",
        "state": {
          "branch": null,
          "revision": "df530c4955725c04190a88e09b9756ae5b0b8e95",
          "version": "1.0.0"
        }
      },
      {
        "package": "Semver",
        "repositoryURL": "https://github.com/ddddxxx/Semver",
        "state": {
          "branch": null,
          "revision": "6094e6f23a02b52b5d211fd114a4750c4f3ecef3",
          "version": "0.2.1"
        }
      },
      {
        "package": "Sparkle",
        "repositoryURL": "https://github.com/sparkle-project/Sparkle",
        "state": {
          "branch": null,
          "revision": "c0933a516b420806e9216e71bd13ba76c54f0de6",
          "version": "1.26.0"
        }
      },
      {
        "package": "SwiftCF",
        "repositoryURL": "https://github.com/ddddxxx/SwiftCF",
        "state": {
          "branch": null,
          "revision": "72775c4b4dfceba8f6f43820d50f9286dc97160d",
          "version": "0.2.1"
        }
      },
      {
        "package": "SwiftyOpenCC",
        "repositoryURL": "https://github.com/ddddxxx/SwiftyOpenCC",
        "state": {
          "branch": "v2.0.0-beta",
          "revision": "1d8105a0f7199c90af722bff62728050c858e777",
          "version": null
        }
      },
      {
        "package": "TouchBarHelper",
        "repositoryURL": "https://github.com/ddddxxx/TouchBarHelper",
        "state": {
          "branch": null,
          "revision": "003d41193ac1c6ab9cc570a1923587298014bf1d",
          "version": "0.1.0"
        }
      }
    ]
  },
  "version": 1
}
