{
  "object": {
    "pins": [
      {
        "package": "AppCenter",
        "repositoryURL": "https://github.com/microsoft/appcenter-sdk-apple",
        "state": {
          "branch": null,
          "revision": "16d6ed7c3550870ac42f95a0fdccc7235450b863",
          "version": "4.4.0"
        }
      },
      {
        "package": "CombineX",
        "repositoryURL": "https://github.com/cx-org/CombineX",
        "state": {
          "branch": null,
          "revision": "98096c6b2a51481cb6e4bae8da0a808d8cab09a1",
          "version": "0.4.0"
        }
      },
      {
        "package": "CXExtensions",
        "repositoryURL": "https://github.com/cx-org/CXExtensions",
        "state": {
          "branch": null,
          "revision": "4790ecd6a6c0e796d776a28a820b552f7e8f6abd",
          "version": "0.4.0"
        }
      },
      {
        "package": "CXShim",
        "repositoryURL": "https://github.com/cx-org/CXShim",
        "state": {
          "branch": null,
          "revision": "82fecc246c7ca9f0ac1656b8199b7956e64d68f3",
          "version": "0.4.0"
        }
      },
      {
        "package": "CXTest",
        "repositoryURL": "https://github.com/cx-org/CXTest",
        "state": {
          "branch": null,
          "revision": "929ce7cbd3005bc9356ae826bb65ee2611379b17",
          "version": "0.4.0"
        }
      },
      {
        "package": "GenericID",
        "repositoryURL": "https://github.com/ddddxxx/GenericID",
        "state": {
          "branch": null,
          "revision": "c6da97cd19899174cde6a14c7a46c794cd5d9cf8",
          "version": "0.7.0"
        }
      },
      {
        "package": "Gzip",
        "repositoryURL": "https://github.com/1024jp/GzipSwift",
        "state": {
          "branch": null,
          "revision": "ba0b6cb51cc6202f896e469b87d2889a46b10d1b",
          "version": "5.1.1"
        }
      },
      {
        "package": "LyricsKit",
        "repositoryURL": "https://github.com/ddddxxx/LyricsKit",
        "state": {
          "branch": null,
          "revision": "fc3469ac12bab9595d9feb675f1123b61019e53c",
          "version": "0.11.2"
        }
      },
      {
        "package": "MASShortcut",
        "repositoryURL": "https://github.com/shpakovski/MASShortcut",
        "state": {
          "branch": null,
          "revision": "b38e38f892e34588039987661fe610d10368f7d5",
          "version": null
        }
      },
      {
        "package": "MusicPlayer",
        "repositoryURL": "https://github.com/ddddxxx/MusicPlayer",
        "state": {
          "branch": null,
          "revision": "6eee88b4800bba1cc03b2a233fe858ccca7c9862",
          "version": "0.8.3"
        }
      },
      {
        "package": "PLCrashReporter",
        "repositoryURL": "https://github.com/microsoft/PLCrashReporter.git",
        "state": {
          "branch": null,
          "revision": "6b27393cad517c067dceea85fadf050e70c4ceaa",
          "version": "1.10.1"
        }
      },
      {
        "package": "Regex",
        "repositoryURL": "https://github.com/ddddxxx/Regex",
        "state": {
          "branch": null,
          "revision": "c0ad0a7e9a48989d9688c2b524a1e69b6293b733",
          "version": "1.0.1"
        }
      },
      {
        "package": "Semver",
        "repositoryURL": "https://github.com/ddddxxx/Semver",
        "state": {
          "branch": null,
          "revision": "6094e6f23a02b52b5d211fd114a4750c4f3ecef3",
          "version": "0.2.1"
        }
      },
      {
        "package": "SnapKit",
        "repositoryURL": "https://github.com/SnapKit/SnapKit",
        "state": {
          "branch": null,
          "revision": "dfe862da48f7b527309151d8b5f221f657fc7d50",
          "version": null
        }
      },
      {
        "package": "Sparkle",
        "repositoryURL": "https://github.com/sparkle-project/Sparkle",
        "state": {
          "branch": null,
          "revision": "7918c1c8fc68baa37917eeaa67286b077ad5e393",
          "version": "1.27.1"
        }
      },
      {
        "package": "swift-atomics",
        "repositoryURL": "https://github.com/apple/swift-atomics.git",
        "state": {
          "branch": null,
          "revision": "3e95ba32cd1b4c877f6163e8eea54afc4e63bf9f",
          "version": "0.0.3"
        }
      },
      {
        "package": "SwiftCF",
        "repositoryURL": "https://github.com/ddddxxx/SwiftCF",
        "state": {
          "branch": null,
          "revision": "72775c4b4dfceba8f6f43820d50f9286dc97160d",
          "version": "0.2.1"
        }
      },
      {
        "package": "SwiftyOpenCC",
        "repositoryURL": "https://github.com/ddddxxx/SwiftyOpenCC",
        "state": {
          "branch": "v2.0.0-beta",
          "revision": "1d8105a0f7199c90af722bff62728050c858e777",
          "version": null
        }
      },
      {
        "package": "TouchBarHelper",
        "repositoryURL": "https://github.com/ddddxxx/TouchBarHelper",
        "state": {
          "branch": null,
          "revision": "003d41193ac1c6ab9cc570a1923587298014bf1d",
          "version": "0.1.0"
        }
      }
    ]
  },
  "version": 1
}
