<?xml version="1.0" encoding="UTF-8"?>
<Scheme
   LastUpgradeVersion = "0940"
   version = "1.7">
   <BuildAction
      parallelizeBuildables = "YES"
      buildImplicitDependencies = "YES">
      <BuildActionEntries>
         <BuildActionEntry
            buildForTesting = "YES"
            buildForRunning = "YES"
            buildForProfiling = "YES"
            buildForArchiving = "YES"
            buildForAnalyzing = "YES">
            <BuildableReference
               BuildableIdentifier = "primary"
               BlueprintIdentifier = "BB4141A91E458BA800A51775"
               BuildableName = "LyricsX.app"
               BlueprintName = "LyricsX"
               ReferencedContainer = "container:LyricsX.xcodeproj">
            </BuildableReference>
         </BuildActionEntry>
      </BuildActionEntries>
   </BuildAction>
   <TestAction
      buildConfiguration = "Debug"
      selectedDebuggerIdentifier = "Xcode.DebuggerFoundation.Debugger.LLDB"
      selectedLauncherIdentifier = "Xcode.DebuggerFoundation.Launcher.LLDB"
      shouldUseLaunchSchemeArgsEnv = "YES">
      <Testables>
      </Testables>
      <MacroExpansion>
         <BuildableReference
            BuildableIdentifier = "primary"
            BlueprintIdentifier = "BB4141A91E458BA800A51775"
            BuildableName = "LyricsX.app"
            BlueprintName = "LyricsX"
            ReferencedContainer = "container:LyricsX.xcodeproj">
         </BuildableReference>
      </MacroExpansion>
      <AdditionalOptions>
      </AdditionalOptions>
   </TestAction>
   <LaunchAction
      buildConfiguration = "Debug"
      selectedDebuggerIdentifier = "Xcode.DebuggerFoundation.Debugger.LLDB"
      selectedLauncherIdentifier = "Xcode.DebuggerFoundation.Launcher.LLDB"
      launchStyle = "0"
      useCustomWorkingDirectory = "NO"
      ignoresPersistentStateOnLaunch = "NO"
      debugDocumentVersioning = "YES"
      debugServiceExtension = "internal"
      allowLocationSimulation = "YES">
      <BuildableProductRunnable
         runnableDebuggingMode = "0">
         <BuildableReference
            BuildableIdentifier = "primary"
            BlueprintIdentifier = "BB4141A91E458BA800A51775"
            BuildableName = "LyricsX.app"
            BlueprintName = "LyricsX"
            ReferencedContainer = "container:LyricsX.xcodeproj">
         </BuildableReference>
      </BuildableProductRunnable>
      <AdditionalOptions>
      </AdditionalOptions>
   </LaunchAction>
   <ProfileAction
      buildConfiguration = "Release"
      shouldUseLaunchSchemeArgsEnv = "YES"
      savedToolIdentifier = ""
      useCustomWorkingDirectory = "NO"
      debugDocumentVersioning = "YES">
      <BuildableProductRunnable
         runnableDebuggingMode = "0">
         <BuildableReference
            BuildableIdentifier = "primary"
            BlueprintIdentifier = "BB4141A91E458BA800A51775"
            BuildableName = "LyricsX.app"
            BlueprintName = "LyricsX"
            ReferencedContainer = "container:LyricsX.xcodeproj">
         </BuildableReference>
      </BuildableProductRunnable>
   </ProfileAction>
   <AnalyzeAction
      buildConfiguration = "Debug">
   </AnalyzeAction>
   <ArchiveAction
      buildConfiguration = "Release"
      revealArchiveInOrganizer = "YES">
      <PostActions>
         <ExecutionAction
            ActionType = "Xcode.IDEStandardExecutionActionsCore.ExecutionActionType.ShellScriptAction">
            <ActionContent
               title = "Export App"
               scriptText = "EXPORT_OPTION_PATH=&quot;$PROJECT_DIR/ExportOptions.plist&quot;&#10;EXPORT_PATH=&quot;$PROJECT_DIR/Product&quot;&#10;&#10;# Redirect the output&#10;exec &gt; /tmp/post_archive_log.txt 2&gt;&amp;1&#10;&#10;# Export App&#10;rm -rf $EXPORT_PATH&#10;&#10;xcodebuild -exportArchive -archivePath &quot;$ARCHIVE_PATH&quot; -exportPath &quot;$EXPORT_PATH&quot; -exportOptionsPlist &quot;$EXPORT_OPTION_PATH&quot;&#10;&#10;APP_PATH=&quot;$EXPORT_PATH/$PRODUCT_NAME.app&quot;&#10;&#10;VERSION=$(/usr/libexec/PlistBuddy -c &quot;Print CFBundleShortVersionString&quot; &quot;$APP_PATH/Contents/Info.plist&quot;)&#10;BUILD=$(/usr/libexec/PlistBuddy -c &quot;Print CFBundleVersion&quot; &quot;$APP_PATH/Contents/Info.plist&quot;)&#10;&#10;ZIP_PATH=&quot;$EXPORT_PATH/${PRODUCT_NAME}_$VERSION+$BUILD.zip&quot;&#10;&#10;# Zip and upload to the Notarization Service&#10;/usr/bin/ditto -c -k --keepParent &quot;$APP_PATH&quot; &quot;$ZIP_PATH&quot;&#10;&#10;xcrun altool --notarize-app --primary-bundle-id &quot;ddddxxx.lyricsx&quot; --username &quot;dengxiang2010@gmail.com&quot; --password &quot;@keychain:NOTARIZE_PASSWD&quot; --file &quot;$ZIP_PATH&quot;&#10;&#10;/usr/bin/open &quot;$EXPORT_PATH&quot;&#10;&#10;# xcrun stapler staple &quot;$APP_PATH&quot;&#10;">
               <EnvironmentBuildable>
                  <BuildableReference
                     BuildableIdentifier = "primary"
                     BlueprintIdentifier = "BB4141A91E458BA800A51775"
                     BuildableName = "LyricsX.app"
                     BlueprintName = "LyricsX"
                     ReferencedContainer = "container:LyricsX.xcodeproj">
                  </BuildableReference>
               </EnvironmentBuildable>
            </ActionContent>
         </ExecutionAction>
      </PostActions>
   </ArchiveAction>
</Scheme>
