// !$*UTF8*$!
{
	archiveVersion = 1;
	classes = {
	};
	objectVersion = 46;
	objects = {

/* Begin PBXAggregateTarget section */
		BB30651020878608008A9AC8 /* SwiftLint */ = {
			isa = PBXAggregateTarget;
			buildConfigurationList = BB30651320878608008A9AC8 /* Build configuration list for PBXAggregateTarget "SwiftLint" */;
			buildPhases = (
				BB30651420878623008A9AC8 /* ShellScript */,
			);
			dependencies = (
			);
			name = SwiftLint;
			productName = SwiftLint;
		};
/* End PBXAggregateTarget section */

/* Begin PBXBuildFile section */
		BB03C8891FDF6FC000FBE0DA /* ChineseConverter+Singleton.swift in Sources */ = {isa = PBXBuildFile; fileRef = BB03C8881FDF6FC000FBE0DA /* ChineseConverter+Singleton.swift */; };
		BB063B2E1E8A93C900A25C3E /* KaraokeLyricsView.swift in Sources */ = {isa = PBXBuildFile; fileRef = BB063B2D1E8A93C900A25C3E /* KaraokeLyricsView.swift */; };
		BB0B296A1E7FBA2D00B1D6C9 /* PreferenceFilterViewController.swift in Sources */ = {isa = PBXBuildFile; fileRef = BB0B29691E7FBA2D00B1D6C9 /* PreferenceFilterViewController.swift */; };
		BB0B296C1E80CB0600B1D6C9 /* AboutViewController.swift in Sources */ = {isa = PBXBuildFile; fileRef = BB0B296B1E80CB0600B1D6C9 /* AboutViewController.swift */; };
		BB0BE9561F444C9E0068FF67 /* Localizable.strings in Resources */ = {isa = PBXBuildFile; fileRef = BB0BE9581F444C9E0068FF67 /* Localizable.strings */; };
		BB0BE95D1F44508F0068FF67 /* Crashlytics.framework in Frameworks */ = {isa = PBXBuildFile; fileRef = BB0BE95B1F44508F0068FF67 /* Crashlytics.framework */; };
		BB0BE95E1F44508F0068FF67 /* Fabric.framework in Frameworks */ = {isa = PBXBuildFile; fileRef = BB0BE95C1F44508F0068FF67 /* Fabric.framework */; };
		BB1A3185207B261500406E32 /* Regex.swift in Sources */ = {isa = PBXBuildFile; fileRef = BB1A3184207B261500406E32 /* Regex.swift */; };
		BB1B2FFD20E8780A002F1AF8 /* CFExtension.swift in Sources */ = {isa = PBXBuildFile; fileRef = BB1B2FFC20E8780A002F1AF8 /* CFExtension.swift */; };
		BB1B2FFF20E87838002F1AF8 /* CTExtension.swift in Sources */ = {isa = PBXBuildFile; fileRef = BB1B2FFE20E87838002F1AF8 /* CTExtension.swift */; };
		BB1B300120E8788C002F1AF8 /* CGExtension.swift in Sources */ = {isa = PBXBuildFile; fileRef = BB1B300020E8788C002F1AF8 /* CGExtension.swift */; };
		BB1B300320E878AE002F1AF8 /* StdExtension.swift in Sources */ = {isa = PBXBuildFile; fileRef = BB1B300220E878AE002F1AF8 /* StdExtension.swift */; };
		BB1B300520E87CC9002F1AF8 /* KaraokeLabel.swift in Sources */ = {isa = PBXBuildFile; fileRef = BB1B300420E87CC9002F1AF8 /* KaraokeLabel.swift */; };
		BB1B631B1E8CD7CA004CC9E0 /* ScrollLyricsView.swift in Sources */ = {isa = PBXBuildFile; fileRef = BB1B631A1E8CD7CA004CC9E0 /* ScrollLyricsView.swift */; };
		BB34F4A91EFFBCBC008B9E4B /* MASShortcut.framework in Frameworks */ = {isa = PBXBuildFile; fileRef = BB34F4A81EFFBCBC008B9E4B /* MASShortcut.framework */; };
		BB34F4AA1EFFBCBC008B9E4B /* MASShortcut.framework in Embed Frameworks */ = {isa = PBXBuildFile; fileRef = BB34F4A81EFFBCBC008B9E4B /* MASShortcut.framework */; settings = {ATTRIBUTES = (CodeSignOnCopy, RemoveHeadersOnCopy, ); }; };
		BB34F7E61F21911700B7C484 /* Updater.swift in Sources */ = {isa = PBXBuildFile; fileRef = BB34F7E51F21911700B7C484 /* Updater.swift */; };
		BB34F7E81F2197C800B7C484 /* Semver.framework in Frameworks */ = {isa = PBXBuildFile; fileRef = BB34F7E71F2197C800B7C484 /* Semver.framework */; };
		BB34F7E91F2197C800B7C484 /* Semver.framework in Embed Frameworks */ = {isa = PBXBuildFile; fileRef = BB34F7E71F2197C800B7C484 /* Semver.framework */; settings = {ATTRIBUTES = (CodeSignOnCopy, RemoveHeadersOnCopy, ); }; };
		BB4141AE1E458BA800A51775 /* AppDelegate.swift in Sources */ = {isa = PBXBuildFile; fileRef = BB4141AD1E458BA800A51775 /* AppDelegate.swift */; };
		BB4141B21E458BA800A51775 /* Assets.xcassets in Resources */ = {isa = PBXBuildFile; fileRef = BB4141B11E458BA800A51775 /* Assets.xcassets */; };
		BB4141B51E458BA900A51775 /* Main.storyboard in Resources */ = {isa = PBXBuildFile; fileRef = BB4141B31E458BA900A51775 /* Main.storyboard */; };
		BB4141C01E45B67800A51775 /* KaraokeLyricsController.swift in Sources */ = {isa = PBXBuildFile; fileRef = BB4141BF1E45B67800A51775 /* KaraokeLyricsController.swift */; };
		BB4141C81E46CDD700A51775 /* SnapKit.framework in Frameworks */ = {isa = PBXBuildFile; fileRef = BB4141C61E46CDD200A51775 /* SnapKit.framework */; };
		BB4141C91E46CDD700A51775 /* SnapKit.framework in Embed Frameworks */ = {isa = PBXBuildFile; fileRef = BB4141C61E46CDD200A51775 /* SnapKit.framework */; settings = {ATTRIBUTES = (CodeSignOnCopy, RemoveHeadersOnCopy, ); }; };
		BB458C63201C5F4500740C3B /* LyricsMetaData+Extension.swift in Sources */ = {isa = PBXBuildFile; fileRef = BB458C62201C5F4500740C3B /* LyricsMetaData+Extension.swift */; };
		BB4919361F00CD800054EA09 /* PreferenceShortcutViewController.swift in Sources */ = {isa = PBXBuildFile; fileRef = BB4919351F00CD800054EA09 /* PreferenceShortcutViewController.swift */; };
		BB4FBE751F0F1E440045A8FA /* LyricsProvider.framework in Frameworks */ = {isa = PBXBuildFile; fileRef = BB4FBE741F0F1E440045A8FA /* LyricsProvider.framework */; };
		BB4FBE761F0F1E440045A8FA /* LyricsProvider.framework in Embed Frameworks */ = {isa = PBXBuildFile; fileRef = BB4FBE741F0F1E440045A8FA /* LyricsProvider.framework */; settings = {ATTRIBUTES = (CodeSignOnCopy, RemoveHeadersOnCopy, ); }; };
		BB58B07F1E82901800598D4F /* AutoActivateWindowController.swift in Sources */ = {isa = PBXBuildFile; fileRef = BB58B07E1E82901800598D4F /* AutoActivateWindowController.swift */; };
		BB58B0821E82971400598D4F /* UserDefaults.plist in Resources */ = {isa = PBXBuildFile; fileRef = BB58B0811E82971400598D4F /* UserDefaults.plist */; };
		BB58B0841E82B82F00598D4F /* OpenCC.framework in Frameworks */ = {isa = PBXBuildFile; fileRef = BB58B0831E82B82F00598D4F /* OpenCC.framework */; };
		BB58B0851E82B82F00598D4F /* OpenCC.framework in Embed Frameworks */ = {isa = PBXBuildFile; fileRef = BB58B0831E82B82F00598D4F /* OpenCC.framework */; settings = {ATTRIBUTES = (CodeSignOnCopy, RemoveHeadersOnCopy, ); }; };
		BB58B0891E82CA9B00598D4F /* Credits.rtf in Resources */ = {isa = PBXBuildFile; fileRef = BB58B0881E82CA9B00598D4F /* Credits.rtf */; };
		BB5D4B2D2094A1D700844D9F /* FontSelectTextField.swift in Sources */ = {isa = PBXBuildFile; fileRef = BB5D4B2C2094A1D700844D9F /* FontSelectTextField.swift */; };
		BB60F3041E889A1B00BA1FD2 /* AppDelegate.swift in Sources */ = {isa = PBXBuildFile; fileRef = BB60F3031E889A1B00BA1FD2 /* AppDelegate.swift */; };
		BB60F3061E889A1B00BA1FD2 /* Assets.xcassets in Resources */ = {isa = PBXBuildFile; fileRef = BB60F3051E889A1B00BA1FD2 /* Assets.xcassets */; };
		BB60F3091E889A1B00BA1FD2 /* MainMenu.xib in Resources */ = {isa = PBXBuildFile; fileRef = BB60F3071E889A1B00BA1FD2 /* MainMenu.xib */; };
		BB60F3121E889FCD00BA1FD2 /* LyricsXHelper.app in Copy Helper */ = {isa = PBXBuildFile; fileRef = BB60F3011E889A1B00BA1FD2 /* LyricsXHelper.app */; settings = {ATTRIBUTES = (RemoveHeadersOnCopy, ); }; };
		BB6139741FCCFA6700CBD808 /* Perference.storyboard in Resources */ = {isa = PBXBuildFile; fileRef = BB6139761FCCFA6700CBD808 /* Perference.storyboard */; };
		BB72784A20996DE900231C63 /* PreferenceLabViewController.swift in Sources */ = {isa = PBXBuildFile; fileRef = BB72784920996DE900231C63 /* PreferenceLabViewController.swift */; };
		BB7EC7B21E4E018C00A0AC3F /* LyricsHUDViewController.swift in Sources */ = {isa = PBXBuildFile; fileRef = BB7EC7B11E4E018C00A0AC3F /* LyricsHUDViewController.swift */; };
		BB9BCEBA1E843157001BC54B /* Extension.swift in Sources */ = {isa = PBXBuildFile; fileRef = BB9BCEB91E843157001BC54B /* Extension.swift */; };
		BBB9AAE31E57EE880078F91A /* SearchLyricsViewController.swift in Sources */ = {isa = PBXBuildFile; fileRef = BBB9AAE21E57EE880078F91A /* SearchLyricsViewController.swift */; };
		BBC1D35B1E485BA7002538A2 /* AppController.swift in Sources */ = {isa = PBXBuildFile; fileRef = BBC1D35A1E485BA7002538A2 /* AppController.swift */; };
		BBC1D35F1E499A6D002538A2 /* Global.swift in Sources */ = {isa = PBXBuildFile; fileRef = BBC1D35E1E499A6D002538A2 /* Global.swift */; };
		BBC1D5801E4AE3B9008869EC /* MenuBarLyrics.swift in Sources */ = {isa = PBXBuildFile; fileRef = BBC1D57F1E4AE3B9008869EC /* MenuBarLyrics.swift */; };
		BBC1D5911E4C80FC008869EC /* PreferenceDisplayViewController.swift in Sources */ = {isa = PBXBuildFile; fileRef = BBC1D5901E4C80FC008869EC /* PreferenceDisplayViewController.swift */; };
		BBC7C5551E6AE28600E3EC4F /* PreferenceGeneralViewController.swift in Sources */ = {isa = PBXBuildFile; fileRef = BBC7C5541E6AE28600E3EC4F /* PreferenceGeneralViewController.swift */; };
		BBD03C371E9B2C7200EFB975 /* DragNDropView.swift in Sources */ = {isa = PBXBuildFile; fileRef = BBD03C361E9B2C7200EFB975 /* DragNDropView.swift */; };
		BBE557971EC0291E00F1EC31 /* GenericID.framework in Frameworks */ = {isa = PBXBuildFile; fileRef = BBE557961EC0291E00F1EC31 /* GenericID.framework */; };
		BBE557981EC0291E00F1EC31 /* GenericID.framework in Embed Frameworks */ = {isa = PBXBuildFile; fileRef = BBE557961EC0291E00F1EC31 /* GenericID.framework */; settings = {ATTRIBUTES = (CodeSignOnCopy, RemoveHeadersOnCopy, ); }; };
		BBE8FC751F6BEA6200122AFA /* Then.swift in Sources */ = {isa = PBXBuildFile; fileRef = BBE8FC741F6BEA6200122AFA /* Then.swift */; };
		BBF83E221FB5502000D76E5B /* MusicPlayer.framework in Frameworks */ = {isa = PBXBuildFile; fileRef = BBF83E201FB5501A00D76E5B /* MusicPlayer.framework */; };
		BBF83E231FB5502000D76E5B /* MusicPlayer.framework in Embed Frameworks */ = {isa = PBXBuildFile; fileRef = BBF83E201FB5501A00D76E5B /* MusicPlayer.framework */; settings = {ATTRIBUTES = (CodeSignOnCopy, RemoveHeadersOnCopy, ); }; };
		E9E55130207C4B7700F9958A /* DFRFoundation.framework in Frameworks */ = {isa = PBXBuildFile; fileRef = E9E5512F207C4B7600F9958A /* DFRFoundation.framework */; };
		E9E55138207C4CB000F9958A /* TouchBarLyrics.swift in Sources */ = {isa = PBXBuildFile; fileRef = E9E55137207C4CB000F9958A /* TouchBarLyrics.swift */; };
/* End PBXBuildFile section */

/* Begin PBXCopyFilesBuildPhase section */
		BB4141CA1E46CDD700A51775 /* Embed Frameworks */ = {
			isa = PBXCopyFilesBuildPhase;
			buildActionMask = 2147483647;
			dstPath = "";
			dstSubfolderSpec = 10;
			files = (
				BB34F7E91F2197C800B7C484 /* Semver.framework in Embed Frameworks */,
				BB58B0851E82B82F00598D4F /* OpenCC.framework in Embed Frameworks */,
				BBF83E231FB5502000D76E5B /* MusicPlayer.framework in Embed Frameworks */,
				BB4FBE761F0F1E440045A8FA /* LyricsProvider.framework in Embed Frameworks */,
				BB34F4AA1EFFBCBC008B9E4B /* MASShortcut.framework in Embed Frameworks */,
				BB4141C91E46CDD700A51775 /* SnapKit.framework in Embed Frameworks */,
				BBE557981EC0291E00F1EC31 /* GenericID.framework in Embed Frameworks */,
			);
			name = "Embed Frameworks";
			runOnlyForDeploymentPostprocessing = 0;
		};
		BB60F3111E889FC000BA1FD2 /* Copy Helper */ = {
			isa = PBXCopyFilesBuildPhase;
			buildActionMask = 2147483647;
			dstPath = Contents/Library/LoginItems;
			dstSubfolderSpec = 1;
			files = (
				BB60F3121E889FCD00BA1FD2 /* LyricsXHelper.app in Copy Helper */,
			);
			name = "Copy Helper";
			runOnlyForDeploymentPostprocessing = 0;
		};
/* End PBXCopyFilesBuildPhase section */

/* Begin PBXFileReference section */
		BB03C8881FDF6FC000FBE0DA /* ChineseConverter+Singleton.swift */ = {isa = PBXFileReference; lastKnownFileType = sourcecode.swift; path = "ChineseConverter+Singleton.swift"; sourceTree = "<group>"; };
		BB063B2D1E8A93C900A25C3E /* KaraokeLyricsView.swift */ = {isa = PBXFileReference; fileEncoding = 4; lastKnownFileType = sourcecode.swift; path = KaraokeLyricsView.swift; sourceTree = "<group>"; };
		BB0B29691E7FBA2D00B1D6C9 /* PreferenceFilterViewController.swift */ = {isa = PBXFileReference; fileEncoding = 4; lastKnownFileType = sourcecode.swift; path = PreferenceFilterViewController.swift; sourceTree = "<group>"; };
		BB0B296B1E80CB0600B1D6C9 /* AboutViewController.swift */ = {isa = PBXFileReference; fileEncoding = 4; lastKnownFileType = sourcecode.swift; path = AboutViewController.swift; sourceTree = "<group>"; };
		BB0BE9591F444CA00068FF67 /* zh-Hans */ = {isa = PBXFileReference; lastKnownFileType = text.plist.strings; name = "zh-Hans"; path = "zh-Hans.lproj/Localizable.strings"; sourceTree = "<group>"; };
		BB0BE95A1F444CAA0068FF67 /* en */ = {isa = PBXFileReference; lastKnownFileType = text.plist.strings; name = en; path = en.lproj/Localizable.strings; sourceTree = "<group>"; };
		BB0BE95B1F44508F0068FF67 /* Crashlytics.framework */ = {isa = PBXFileReference; lastKnownFileType = wrapper.framework; name = Crashlytics.framework; path = LyricsX/Frameworks/Crashlytics.framework; sourceTree = "<group>"; };
		BB0BE95C1F44508F0068FF67 /* Fabric.framework */ = {isa = PBXFileReference; lastKnownFileType = wrapper.framework; name = Fabric.framework; path = LyricsX/Frameworks/Fabric.framework; sourceTree = "<group>"; };
		BB1A31822079351F00406E32 /* Carbon.framework */ = {isa = PBXFileReference; lastKnownFileType = wrapper.framework; name = Carbon.framework; path = System/Library/Frameworks/Carbon.framework; sourceTree = SDKROOT; };
		BB1A3184207B261500406E32 /* Regex.swift */ = {isa = PBXFileReference; lastKnownFileType = sourcecode.swift; path = Regex.swift; sourceTree = "<group>"; };
		BB1B2FFC20E8780A002F1AF8 /* CFExtension.swift */ = {isa = PBXFileReference; lastKnownFileType = sourcecode.swift; path = CFExtension.swift; sourceTree = "<group>"; };
		BB1B2FFE20E87838002F1AF8 /* CTExtension.swift */ = {isa = PBXFileReference; lastKnownFileType = sourcecode.swift; path = CTExtension.swift; sourceTree = "<group>"; };
		BB1B300020E8788C002F1AF8 /* CGExtension.swift */ = {isa = PBXFileReference; lastKnownFileType = sourcecode.swift; path = CGExtension.swift; sourceTree = "<group>"; };
		BB1B300220E878AE002F1AF8 /* StdExtension.swift */ = {isa = PBXFileReference; lastKnownFileType = sourcecode.swift; path = StdExtension.swift; sourceTree = "<group>"; };
		BB1B300420E87CC9002F1AF8 /* KaraokeLabel.swift */ = {isa = PBXFileReference; lastKnownFileType = sourcecode.swift; path = KaraokeLabel.swift; sourceTree = "<group>"; };
		BB1B631A1E8CD7CA004CC9E0 /* ScrollLyricsView.swift */ = {isa = PBXFileReference; fileEncoding = 4; lastKnownFileType = sourcecode.swift; path = ScrollLyricsView.swift; sourceTree = "<group>"; };
		BB335B112057BCE3003A69F8 /* en */ = {isa = PBXFileReference; lastKnownFileType = text.plist.strings; name = en; path = en.lproj/Main.strings; sourceTree = "<group>"; };
		BB335B132057BD03003A69F8 /* en */ = {isa = PBXFileReference; lastKnownFileType = text.plist.strings; name = en; path = en.lproj/Perference.strings; sourceTree = "<group>"; };
		BB34F4A81EFFBCBC008B9E4B /* MASShortcut.framework */ = {isa = PBXFileReference; lastKnownFileType = wrapper.framework; name = MASShortcut.framework; path = Carthage/Build/Mac/MASShortcut.framework; sourceTree = "<group>"; };
		BB34F7E51F21911700B7C484 /* Updater.swift */ = {isa = PBXFileReference; fileEncoding = 4; lastKnownFileType = sourcecode.swift; path = Updater.swift; sourceTree = "<group>"; };
		BB34F7E71F2197C800B7C484 /* Semver.framework */ = {isa = PBXFileReference; lastKnownFileType = wrapper.framework; name = Semver.framework; path = Carthage/Build/Mac/Semver.framework; sourceTree = "<group>"; };
		BB3D1E911E8A2A2A00CA5B8F /* zh-Hans */ = {isa = PBXFileReference; lastKnownFileType = text.plist.strings; name = "zh-Hans"; path = "zh-Hans.lproj/Main.strings"; sourceTree = "<group>"; };
		BB4141AA1E458BA800A51775 /* LyricsX.app */ = {isa = PBXFileReference; explicitFileType = wrapper.application; includeInIndex = 0; path = LyricsX.app; sourceTree = BUILT_PRODUCTS_DIR; };
		BB4141AD1E458BA800A51775 /* AppDelegate.swift */ = {isa = PBXFileReference; lastKnownFileType = sourcecode.swift; path = AppDelegate.swift; sourceTree = "<group>"; };
		BB4141B11E458BA800A51775 /* Assets.xcassets */ = {isa = PBXFileReference; lastKnownFileType = folder.assetcatalog; name = Assets.xcassets; path = ../Assets.xcassets; sourceTree = "<group>"; };
		BB4141B41E458BA900A51775 /* Base */ = {isa = PBXFileReference; lastKnownFileType = file.storyboard; name = Base; path = Base.lproj/Main.storyboard; sourceTree = "<group>"; };
		BB4141B61E458BA900A51775 /* Info.plist */ = {isa = PBXFileReference; lastKnownFileType = text.plist.xml; path = Info.plist; sourceTree = "<group>"; };
		BB4141BF1E45B67800A51775 /* KaraokeLyricsController.swift */ = {isa = PBXFileReference; fileEncoding = 4; lastKnownFileType = sourcecode.swift; path = KaraokeLyricsController.swift; sourceTree = "<group>"; };
		BB4141C61E46CDD200A51775 /* SnapKit.framework */ = {isa = PBXFileReference; lastKnownFileType = wrapper.framework; name = SnapKit.framework; path = Carthage/Build/Mac/SnapKit.framework; sourceTree = "<group>"; };
		BB458C62201C5F4500740C3B /* LyricsMetaData+Extension.swift */ = {isa = PBXFileReference; lastKnownFileType = sourcecode.swift; path = "LyricsMetaData+Extension.swift"; sourceTree = "<group>"; };
		BB4919351F00CD800054EA09 /* PreferenceShortcutViewController.swift */ = {isa = PBXFileReference; fileEncoding = 4; lastKnownFileType = sourcecode.swift; path = PreferenceShortcutViewController.swift; sourceTree = "<group>"; };
		BB4FBE741F0F1E440045A8FA /* LyricsProvider.framework */ = {isa = PBXFileReference; lastKnownFileType = wrapper.framework; name = LyricsProvider.framework; path = Carthage/Build/Mac/LyricsProvider.framework; sourceTree = "<group>"; };
		BB58B07E1E82901800598D4F /* AutoActivateWindowController.swift */ = {isa = PBXFileReference; fileEncoding = 4; lastKnownFileType = sourcecode.swift; path = AutoActivateWindowController.swift; sourceTree = "<group>"; };
		BB58B0811E82971400598D4F /* UserDefaults.plist */ = {isa = PBXFileReference; fileEncoding = 4; lastKnownFileType = text.plist.xml; path = UserDefaults.plist; sourceTree = "<group>"; };
		BB58B0831E82B82F00598D4F /* OpenCC.framework */ = {isa = PBXFileReference; lastKnownFileType = wrapper.framework; name = OpenCC.framework; path = Carthage/Build/Mac/OpenCC.framework; sourceTree = "<group>"; };
		BB58B0881E82CA9B00598D4F /* Credits.rtf */ = {isa = PBXFileReference; fileEncoding = 4; lastKnownFileType = text.rtf; path = Credits.rtf; sourceTree = "<group>"; };
		BB5D4B2C2094A1D700844D9F /* FontSelectTextField.swift */ = {isa = PBXFileReference; lastKnownFileType = sourcecode.swift; path = FontSelectTextField.swift; sourceTree = "<group>"; };
		BB60F3011E889A1B00BA1FD2 /* LyricsXHelper.app */ = {isa = PBXFileReference; explicitFileType = wrapper.application; includeInIndex = 0; path = LyricsXHelper.app; sourceTree = BUILT_PRODUCTS_DIR; };
		BB60F3031E889A1B00BA1FD2 /* AppDelegate.swift */ = {isa = PBXFileReference; lastKnownFileType = sourcecode.swift; path = AppDelegate.swift; sourceTree = "<group>"; };
		BB60F3051E889A1B00BA1FD2 /* Assets.xcassets */ = {isa = PBXFileReference; lastKnownFileType = folder.assetcatalog; path = Assets.xcassets; sourceTree = "<group>"; };
		BB60F3081E889A1B00BA1FD2 /* Base */ = {isa = PBXFileReference; lastKnownFileType = file.xib; name = Base; path = Base.lproj/MainMenu.xib; sourceTree = "<group>"; };
		BB60F30A1E889A1B00BA1FD2 /* Info.plist */ = {isa = PBXFileReference; lastKnownFileType = text.plist.xml; path = Info.plist; sourceTree = "<group>"; };
		BB60F30E1E889C5400BA1FD2 /* LyricsXHelper.entitlements */ = {isa = PBXFileReference; lastKnownFileType = text.plist.entitlements; path = LyricsXHelper.entitlements; sourceTree = "<group>"; };
		BB6139751FCCFA6700CBD808 /* Base */ = {isa = PBXFileReference; lastKnownFileType = file.storyboard; name = Base; path = Base.lproj/Perference.storyboard; sourceTree = "<group>"; };
		BB6139781FCCFAC800CBD808 /* zh-Hans */ = {isa = PBXFileReference; lastKnownFileType = text.plist.strings; name = "zh-Hans"; path = "zh-Hans.lproj/Perference.strings"; sourceTree = "<group>"; };
		BB72784920996DE900231C63 /* PreferenceLabViewController.swift */ = {isa = PBXFileReference; lastKnownFileType = sourcecode.swift; path = PreferenceLabViewController.swift; sourceTree = "<group>"; };
		BB7EC7B11E4E018C00A0AC3F /* LyricsHUDViewController.swift */ = {isa = PBXFileReference; fileEncoding = 4; lastKnownFileType = sourcecode.swift; path = LyricsHUDViewController.swift; sourceTree = "<group>"; };
		BB9BCEB81E84120D001BC54B /* LyricsX.entitlements */ = {isa = PBXFileReference; lastKnownFileType = text.plist.entitlements; path = LyricsX.entitlements; sourceTree = "<group>"; };
		BB9BCEB91E843157001BC54B /* Extension.swift */ = {isa = PBXFileReference; fileEncoding = 4; lastKnownFileType = sourcecode.swift; path = Extension.swift; sourceTree = "<group>"; };
		BBB9AAE21E57EE880078F91A /* SearchLyricsViewController.swift */ = {isa = PBXFileReference; fileEncoding = 4; lastKnownFileType = sourcecode.swift; path = SearchLyricsViewController.swift; sourceTree = "<group>"; };
		BBC1D35A1E485BA7002538A2 /* AppController.swift */ = {isa = PBXFileReference; fileEncoding = 4; lastKnownFileType = sourcecode.swift; path = AppController.swift; sourceTree = "<group>"; };
		BBC1D35E1E499A6D002538A2 /* Global.swift */ = {isa = PBXFileReference; fileEncoding = 4; lastKnownFileType = sourcecode.swift; path = Global.swift; sourceTree = "<group>"; };
		BBC1D57F1E4AE3B9008869EC /* MenuBarLyrics.swift */ = {isa = PBXFileReference; fileEncoding = 4; lastKnownFileType = sourcecode.swift; path = MenuBarLyrics.swift; sourceTree = "<group>"; };
		BBC1D5901E4C80FC008869EC /* PreferenceDisplayViewController.swift */ = {isa = PBXFileReference; fileEncoding = 4; lastKnownFileType = sourcecode.swift; path = PreferenceDisplayViewController.swift; sourceTree = "<group>"; };
		BBC7C5541E6AE28600E3EC4F /* PreferenceGeneralViewController.swift */ = {isa = PBXFileReference; fileEncoding = 4; lastKnownFileType = sourcecode.swift; path = PreferenceGeneralViewController.swift; sourceTree = "<group>"; };
		BBD03C361E9B2C7200EFB975 /* DragNDropView.swift */ = {isa = PBXFileReference; fileEncoding = 4; lastKnownFileType = sourcecode.swift; path = DragNDropView.swift; sourceTree = "<group>"; };
		BBE557961EC0291E00F1EC31 /* GenericID.framework */ = {isa = PBXFileReference; lastKnownFileType = wrapper.framework; name = GenericID.framework; path = Carthage/Build/Mac/GenericID.framework; sourceTree = "<group>"; };
		BBE8FC741F6BEA6200122AFA /* Then.swift */ = {isa = PBXFileReference; lastKnownFileType = sourcecode.swift; path = Then.swift; sourceTree = "<group>"; };
		BBF83E201FB5501A00D76E5B /* MusicPlayer.framework */ = {isa = PBXFileReference; lastKnownFileType = wrapper.framework; name = MusicPlayer.framework; path = Carthage/Build/Mac/MusicPlayer.framework; sourceTree = "<group>"; };
		E9E5512F207C4B7600F9958A /* DFRFoundation.framework */ = {isa = PBXFileReference; lastKnownFileType = wrapper.framework; name = DFRFoundation.framework; path = ../../../../System/Library/PrivateFrameworks/DFRFoundation.framework; sourceTree = "<group>"; };
		E9E55131207C4BC700F9958A /* TouchBarPrivateAPI.h */ = {isa = PBXFileReference; lastKnownFileType = sourcecode.c.h; path = TouchBarPrivateAPI.h; sourceTree = "<group>"; };
		E9E55133207C4C2700F9958A /* LyricsX-Bridging-Header.h */ = {isa = PBXFileReference; lastKnownFileType = sourcecode.c.h; path = "LyricsX-Bridging-Header.h"; sourceTree = "<group>"; };
		E9E55137207C4CB000F9958A /* TouchBarLyrics.swift */ = {isa = PBXFileReference; lastKnownFileType = sourcecode.swift; path = TouchBarLyrics.swift; sourceTree = "<group>"; };
/* End PBXFileReference section */

/* Begin PBXFrameworksBuildPhase section */
		BB4141A71E458BA800A51775 /* Frameworks */ = {
			isa = PBXFrameworksBuildPhase;
			buildActionMask = 2147483647;
			files = (
				E9E55130207C4B7700F9958A /* DFRFoundation.framework in Frameworks */,
				BB0BE95D1F44508F0068FF67 /* Crashlytics.framework in Frameworks */,
				BB0BE95E1F44508F0068FF67 /* Fabric.framework in Frameworks */,
				BB34F7E81F2197C800B7C484 /* Semver.framework in Frameworks */,
				BBF83E221FB5502000D76E5B /* MusicPlayer.framework in Frameworks */,
				BB4141C81E46CDD700A51775 /* SnapKit.framework in Frameworks */,
				BB4FBE751F0F1E440045A8FA /* LyricsProvider.framework in Frameworks */,
				BB34F4A91EFFBCBC008B9E4B /* MASShortcut.framework in Frameworks */,
				BB58B0841E82B82F00598D4F /* OpenCC.framework in Frameworks */,
				BBE557971EC0291E00F1EC31 /* GenericID.framework in Frameworks */,
			);
			runOnlyForDeploymentPostprocessing = 0;
		};
		BB60F2FE1E889A1B00BA1FD2 /* Frameworks */ = {
			isa = PBXFrameworksBuildPhase;
			buildActionMask = 2147483647;
			files = (
			);
			runOnlyForDeploymentPostprocessing = 0;
		};
/* End PBXFrameworksBuildPhase section */

/* Begin PBXGroup section */
		BB063B2F1E8A93CE00A25C3E /* View */ = {
			isa = PBXGroup;
			children = (
				BB063B2D1E8A93C900A25C3E /* KaraokeLyricsView.swift */,
				BB1B300420E87CC9002F1AF8 /* KaraokeLabel.swift */,
				BB1B631A1E8CD7CA004CC9E0 /* ScrollLyricsView.swift */,
				BBD03C361E9B2C7200EFB975 /* DragNDropView.swift */,
				BB5D4B2C2094A1D700844D9F /* FontSelectTextField.swift */,
			);
			path = View;
			sourceTree = "<group>";
		};
		BB4141A11E458BA800A51775 = {
			isa = PBXGroup;
			children = (
				BB7EC7B31E4ECFC400A0AC3F /* Frameworks */,
				BB4141AC1E458BA800A51775 /* LyricsX */,
				BB60F3021E889A1B00BA1FD2 /* LyricsXHelper */,
				BB4141AB1E458BA800A51775 /* Products */,
			);
			sourceTree = "<group>";
		};
		BB4141AB1E458BA800A51775 /* Products */ = {
			isa = PBXGroup;
			children = (
				BB4141AA1E458BA800A51775 /* LyricsX.app */,
				BB60F3011E889A1B00BA1FD2 /* LyricsXHelper.app */,
			);
			name = Products;
			sourceTree = "<group>";
		};
		BB4141AC1E458BA800A51775 /* LyricsX */ = {
			isa = PBXGroup;
			children = (
				BB4141AD1E458BA800A51775 /* AppDelegate.swift */,
				BBC1D35A1E485BA7002538A2 /* AppController.swift */,
				BB4141B31E458BA900A51775 /* Main.storyboard */,
				BB6139761FCCFA6700CBD808 /* Perference.storyboard */,
				BB34F7E51F21911700B7C484 /* Updater.swift */,
				BB03C8881FDF6FC000FBE0DA /* ChineseConverter+Singleton.swift */,
				BB458C62201C5F4500740C3B /* LyricsMetaData+Extension.swift */,
				BB063B2F1E8A93CE00A25C3E /* View */,
				BB7EC7B41E4ECFFB00A0AC3F /* Controller */,
				E9E55132207C4BFC00F9958A /* CBridge */,
				BB7EC7B61E4ED03900A0AC3F /* Utility */,
				BB4141BC1E45B26800A51775 /* Supporting Files */,
			);
			path = LyricsX;
			sourceTree = "<group>";
		};
		BB4141BC1E45B26800A51775 /* Supporting Files */ = {
			isa = PBXGroup;
			children = (
				BB4141B11E458BA800A51775 /* Assets.xcassets */,
				BB0BE9581F444C9E0068FF67 /* Localizable.strings */,
				BB9BCEB81E84120D001BC54B /* LyricsX.entitlements */,
				BB4141B61E458BA900A51775 /* Info.plist */,
				BB58B0811E82971400598D4F /* UserDefaults.plist */,
				BB58B0881E82CA9B00598D4F /* Credits.rtf */,
			);
			path = "Supporting Files";
			sourceTree = "<group>";
		};
		BB60F3021E889A1B00BA1FD2 /* LyricsXHelper */ = {
			isa = PBXGroup;
			children = (
				BB60F3031E889A1B00BA1FD2 /* AppDelegate.swift */,
				BBFE81831F07776A00941735 /* Supporting Files */,
			);
			path = LyricsXHelper;
			sourceTree = "<group>";
		};
		BB7EC7B31E4ECFC400A0AC3F /* Frameworks */ = {
			isa = PBXGroup;
			children = (
				BB1A31822079351F00406E32 /* Carbon.framework */,
				BB0BE95B1F44508F0068FF67 /* Crashlytics.framework */,
				E9E5512F207C4B7600F9958A /* DFRFoundation.framework */,
				BB0BE95C1F44508F0068FF67 /* Fabric.framework */,
				BBE557961EC0291E00F1EC31 /* GenericID.framework */,
				BB4FBE741F0F1E440045A8FA /* LyricsProvider.framework */,
				BB34F4A81EFFBCBC008B9E4B /* MASShortcut.framework */,
				BBF83E201FB5501A00D76E5B /* MusicPlayer.framework */,
				BB58B0831E82B82F00598D4F /* OpenCC.framework */,
				BB34F7E71F2197C800B7C484 /* Semver.framework */,
				BB4141C61E46CDD200A51775 /* SnapKit.framework */,
			);
			name = Frameworks;
			sourceTree = "<group>";
		};
		BB7EC7B41E4ECFFB00A0AC3F /* Controller */ = {
			isa = PBXGroup;
			children = (
				BBC7C5561E6AEA4500E3EC4F /* Preferences */,
				BB4141BF1E45B67800A51775 /* KaraokeLyricsController.swift */,
				BBC1D57F1E4AE3B9008869EC /* MenuBarLyrics.swift */,
				E9E55137207C4CB000F9958A /* TouchBarLyrics.swift */,
				BB58B07E1E82901800598D4F /* AutoActivateWindowController.swift */,
				BB7EC7B11E4E018C00A0AC3F /* LyricsHUDViewController.swift */,
				BBB9AAE21E57EE880078F91A /* SearchLyricsViewController.swift */,
				BB0B296B1E80CB0600B1D6C9 /* AboutViewController.swift */,
			);
			path = Controller;
			sourceTree = "<group>";
		};
		BB7EC7B61E4ED03900A0AC3F /* Utility */ = {
			isa = PBXGroup;
			children = (
				BB1A3184207B261500406E32 /* Regex.swift */,
				BBC1D35E1E499A6D002538A2 /* Global.swift */,
				BB9BCEB91E843157001BC54B /* Extension.swift */,
				BB1B300220E878AE002F1AF8 /* StdExtension.swift */,
				BB1B300020E8788C002F1AF8 /* CGExtension.swift */,
				BB1B2FFC20E8780A002F1AF8 /* CFExtension.swift */,
				BB1B2FFE20E87838002F1AF8 /* CTExtension.swift */,
				BBE8FC741F6BEA6200122AFA /* Then.swift */,
			);
			path = Utility;
			sourceTree = "<group>";
		};
		BBC7C5561E6AEA4500E3EC4F /* Preferences */ = {
			isa = PBXGroup;
			children = (
				BBC7C5541E6AE28600E3EC4F /* PreferenceGeneralViewController.swift */,
				BBC1D5901E4C80FC008869EC /* PreferenceDisplayViewController.swift */,
				BB4919351F00CD800054EA09 /* PreferenceShortcutViewController.swift */,
				BB0B29691E7FBA2D00B1D6C9 /* PreferenceFilterViewController.swift */,
				BB72784920996DE900231C63 /* PreferenceLabViewController.swift */,
			);
			path = Preferences;
			sourceTree = "<group>";
		};
		BBFE81831F07776A00941735 /* Supporting Files */ = {
			isa = PBXGroup;
			children = (
				BB60F3071E889A1B00BA1FD2 /* MainMenu.xib */,
				BB60F3051E889A1B00BA1FD2 /* Assets.xcassets */,
				BB60F30E1E889C5400BA1FD2 /* LyricsXHelper.entitlements */,
				BB60F30A1E889A1B00BA1FD2 /* Info.plist */,
			);
			name = "Supporting Files";
			sourceTree = "<group>";
		};
		E9E55132207C4BFC00F9958A /* CBridge */ = {
			isa = PBXGroup;
			children = (
				E9E55131207C4BC700F9958A /* TouchBarPrivateAPI.h */,
				E9E55133207C4C2700F9958A /* LyricsX-Bridging-Header.h */,
			);
			path = CBridge;
			sourceTree = "<group>";
		};
/* End PBXGroup section */

/* Begin PBXNativeTarget section */
		BB4141A91E458BA800A51775 /* LyricsX */ = {
			isa = PBXNativeTarget;
			buildConfigurationList = BB4141B91E458BA900A51775 /* Build configuration list for PBXNativeTarget "LyricsX" */;
			buildPhases = (
				BB4141A61E458BA800A51775 /* Sources */,
				BB4141A71E458BA800A51775 /* Frameworks */,
				BB4141A81E458BA800A51775 /* Resources */,
				BB4141CA1E46CDD700A51775 /* Embed Frameworks */,
				BB60F3111E889FC000BA1FD2 /* Copy Helper */,
				BB9163341F36371700E4E01C /* Fabric Script */,
				BB0BE9531F444BE20068FF67 /* Update Localization */,
				BBC1D5811E4AFE64008869EC /* Bump Build */,
			);
			buildRules = (
			);
			dependencies = (
			);
			name = LyricsX;
			productName = LyricsX;
			productReference = BB4141AA1E458BA800A51775 /* LyricsX.app */;
			productType = "com.apple.product-type.application";
		};
		BB60F3001E889A1B00BA1FD2 /* LyricsXHelper */ = {
			isa = PBXNativeTarget;
			buildConfigurationList = BB60F30B1E889A1C00BA1FD2 /* Build configuration list for PBXNativeTarget "LyricsXHelper" */;
			buildPhases = (
				BB60F2FD1E889A1B00BA1FD2 /* Sources */,
				BB60F2FE1E889A1B00BA1FD2 /* Frameworks */,
				BB60F2FF1E889A1B00BA1FD2 /* Resources */,
			);
			buildRules = (
			);
			dependencies = (
			);
			name = LyricsXHelper;
			productName = LyricsXHelper;
			productReference = BB60F3011E889A1B00BA1FD2 /* LyricsXHelper.app */;
			productType = "com.apple.product-type.application";
		};
/* End PBXNativeTarget section */

/* Begin PBXProject section */
		BB4141A21E458BA800A51775 /* Project object */ = {
			isa = PBXProject;
			attributes = {
				LastSwiftUpdateCheck = 0820;
				LastUpgradeCheck = 0930;
				ORGANIZATIONNAME = ddddxxx;
				TargetAttributes = {
					BB30651020878608008A9AC8 = {
						CreatedOnToolsVersion = 9.3;
					};
					BB4141A91E458BA800A51775 = {
						CreatedOnToolsVersion = 8.2.1;
						DevelopmentTeam = 3665V726AE;
						LastSwiftMigration = 0930;
						ProvisioningStyle = Automatic;
						SystemCapabilities = {
							com.apple.ApplicationGroups.Mac = {
								enabled = 1;
							};
							com.apple.Sandbox = {
								enabled = 1;
							};
						};
					};
					BB60F3001E889A1B00BA1FD2 = {
						CreatedOnToolsVersion = 8.2.1;
						DevelopmentTeam = 3665V726AE;
						LastSwiftMigration = 0900;
						ProvisioningStyle = Automatic;
						SystemCapabilities = {
							com.apple.ApplicationGroups.Mac = {
								enabled = 1;
							};
							com.apple.Sandbox = {
								enabled = 1;
							};
						};
					};
				};
			};
			buildConfigurationList = BB4141A51E458BA800A51775 /* Build configuration list for PBXProject "LyricsX" */;
			compatibilityVersion = "Xcode 3.2";
			developmentRegion = English;
			hasScannedForEncodings = 0;
			knownRegions = (
				en,
				Base,
				"zh-Hans",
			);
			mainGroup = BB4141A11E458BA800A51775;
			productRefGroup = BB4141AB1E458BA800A51775 /* Products */;
			projectDirPath = "";
			projectRoot = "";
			targets = (
				BB4141A91E458BA800A51775 /* LyricsX */,
				BB60F3001E889A1B00BA1FD2 /* LyricsXHelper */,
				BB30651020878608008A9AC8 /* SwiftLint */,
			);
		};
/* End PBXProject section */

/* Begin PBXResourcesBuildPhase section */
		BB4141A81E458BA800A51775 /* Resources */ = {
			isa = PBXResourcesBuildPhase;
			buildActionMask = 2147483647;
			files = (
				BB0BE9561F444C9E0068FF67 /* Localizable.strings in Resources */,
				BB6139741FCCFA6700CBD808 /* Perference.storyboard in Resources */,
				BB4141B21E458BA800A51775 /* Assets.xcassets in Resources */,
				BB58B0821E82971400598D4F /* UserDefaults.plist in Resources */,
				BB4141B51E458BA900A51775 /* Main.storyboard in Resources */,
				BB58B0891E82CA9B00598D4F /* Credits.rtf in Resources */,
			);
			runOnlyForDeploymentPostprocessing = 0;
		};
		BB60F2FF1E889A1B00BA1FD2 /* Resources */ = {
			isa = PBXResourcesBuildPhase;
			buildActionMask = 2147483647;
			files = (
				BB60F3061E889A1B00BA1FD2 /* Assets.xcassets in Resources */,
				BB60F3091E889A1B00BA1FD2 /* MainMenu.xib in Resources */,
			);
			runOnlyForDeploymentPostprocessing = 0;
		};
/* End PBXResourcesBuildPhase section */

/* Begin PBXShellScriptBuildPhase section */
		BB0BE9531F444BE20068FF67 /* Update Localization */ = {
			isa = PBXShellScriptBuildPhase;
			buildActionMask = 2147483647;
			files = (
			);
			inputPaths = (
			);
			name = "Update Localization";
			outputPaths = (
			);
			runOnlyForDeploymentPostprocessing = 0;
			shellPath = /bin/sh;
			shellScript = "if which bartycrouch > /dev/null; then\n    # Incrementally update all Storyboards/XIBs strings files\n    bartycrouch interfaces -p \"$PROJECT_DIR\" -b\n\n    # Add new keys to Localizable.strings files from NSLocalizedString in code\n    bartycrouch code -p \"$PROJECT_DIR/LyricsX\" -l \"$PROJECT_DIR/LyricsX\" -ks\n\n    # Trim leading newline of string file for Clowdin\n    find \"${PROJECT_DIR}/LyricsX\" -name '*.strings' ! -path '*/en.lproj/*' -print0 | xargs -0 -n 1 sed -i '' -e '/./,$!d'\nelse\n    echo \"warning: BartyCrouch not installed, download it from https://github.com/Flinesoft/BartyCrouch\"\nfi";
		};
		BB30651420878623008A9AC8 /* ShellScript */ = {
			isa = PBXShellScriptBuildPhase;
			buildActionMask = 2147483647;
			files = (
			);
			inputPaths = (
			);
			outputPaths = (
			);
			runOnlyForDeploymentPostprocessing = 0;
			shellPath = /bin/sh;
			shellScript = "if which swiftlint >/dev/null; then\n    swiftlint\nelse\n    echo \"warning: SwiftLint not installed, download from https://github.com/realm/SwiftLint\"\nfi";
		};
		BB9163341F36371700E4E01C /* Fabric Script */ = {
			isa = PBXShellScriptBuildPhase;
			buildActionMask = 12;
			files = (
			);
			inputPaths = (
			);
			name = "Fabric Script";
			outputPaths = (
			);
			runOnlyForDeploymentPostprocessing = 0;
			shellPath = /bin/sh;
			shellScript = "releaseConfig=\"Release\"\n\nif [ \"$releaseConfig\" = \"${CONFIGURATION}\" ]; then\necho \"Running Crashlytics\"\n    ./LyricsX/Frameworks/Fabric.framework/run b6f597788b967cd9a94ea2a85f54c27909939b87 899ee2667b9979f88a8bf30432bc74cad27133acaf3e13498bc4849cd82e135a\nfi\n";
		};
		BBC1D5811E4AFE64008869EC /* Bump Build */ = {
			isa = PBXShellScriptBuildPhase;
			buildActionMask = 2147483647;
			files = (
			);
			inputPaths = (
			);
			name = "Bump Build";
			outputPaths = (
			);
			runOnlyForDeploymentPostprocessing = 0;
			shellPath = /bin/sh;
			shellScript = "buildNumber=$(/usr/libexec/PlistBuddy -c \"Print CFBundleVersion\" \"${PROJECT_DIR}/${INFOPLIST_FILE}\")\nbuildNumber=$(($buildNumber + 1))\n/usr/libexec/PlistBuddy -c \"Set :CFBundleVersion $buildNumber\" \"${PROJECT_DIR}/${INFOPLIST_FILE}\"";
		};
/* End PBXShellScriptBuildPhase section */

/* Begin PBXSourcesBuildPhase section */
		BB4141A61E458BA800A51775 /* Sources */ = {
			isa = PBXSourcesBuildPhase;
			buildActionMask = 2147483647;
			files = (
				BB4141C01E45B67800A51775 /* KaraokeLyricsController.swift in Sources */,
				BB72784A20996DE900231C63 /* PreferenceLabViewController.swift in Sources */,
				BB7EC7B21E4E018C00A0AC3F /* LyricsHUDViewController.swift in Sources */,
				BBC1D5911E4C80FC008869EC /* PreferenceDisplayViewController.swift in Sources */,
				BBB9AAE31E57EE880078F91A /* SearchLyricsViewController.swift in Sources */,
				E9E55138207C4CB000F9958A /* TouchBarLyrics.swift in Sources */,
				BB1B631B1E8CD7CA004CC9E0 /* ScrollLyricsView.swift in Sources */,
				BB1B300520E87CC9002F1AF8 /* KaraokeLabel.swift in Sources */,
				BBD03C371E9B2C7200EFB975 /* DragNDropView.swift in Sources */,
				BB1B300120E8788C002F1AF8 /* CGExtension.swift in Sources */,
				BB1B2FFD20E8780A002F1AF8 /* CFExtension.swift in Sources */,
				BB4141AE1E458BA800A51775 /* AppDelegate.swift in Sources */,
				BB458C63201C5F4500740C3B /* LyricsMetaData+Extension.swift in Sources */,
				BB1B2FFF20E87838002F1AF8 /* CTExtension.swift in Sources */,
				BBC7C5551E6AE28600E3EC4F /* PreferenceGeneralViewController.swift in Sources */,
				BBE8FC751F6BEA6200122AFA /* Then.swift in Sources */,
				BB34F7E61F21911700B7C484 /* Updater.swift in Sources */,
				BB1A3185207B261500406E32 /* Regex.swift in Sources */,
				BBC1D35F1E499A6D002538A2 /* Global.swift in Sources */,
				BB1B300320E878AE002F1AF8 /* StdExtension.swift in Sources */,
				BB58B07F1E82901800598D4F /* AutoActivateWindowController.swift in Sources */,
				BB4919361F00CD800054EA09 /* PreferenceShortcutViewController.swift in Sources */,
				BB063B2E1E8A93C900A25C3E /* KaraokeLyricsView.swift in Sources */,
				BB0B296C1E80CB0600B1D6C9 /* AboutViewController.swift in Sources */,
				BBC1D5801E4AE3B9008869EC /* MenuBarLyrics.swift in Sources */,
				BB03C8891FDF6FC000FBE0DA /* ChineseConverter+Singleton.swift in Sources */,
				BB5D4B2D2094A1D700844D9F /* FontSelectTextField.swift in Sources */,
				BB9BCEBA1E843157001BC54B /* Extension.swift in Sources */,
				BBC1D35B1E485BA7002538A2 /* AppController.swift in Sources */,
				BB0B296A1E7FBA2D00B1D6C9 /* PreferenceFilterViewController.swift in Sources */,
			);
			runOnlyForDeploymentPostprocessing = 0;
		};
		BB60F2FD1E889A1B00BA1FD2 /* Sources */ = {
			isa = PBXSourcesBuildPhase;
			buildActionMask = 2147483647;
			files = (
				BB60F3041E889A1B00BA1FD2 /* AppDelegate.swift in Sources */,
			);
			runOnlyForDeploymentPostprocessing = 0;
		};
/* End PBXSourcesBuildPhase section */

/* Begin PBXVariantGroup section */
		BB0BE9581F444C9E0068FF67 /* Localizable.strings */ = {
			isa = PBXVariantGroup;
			children = (
				BB0BE9591F444CA00068FF67 /* zh-Hans */,
				BB0BE95A1F444CAA0068FF67 /* en */,
			);
			name = Localizable.strings;
			sourceTree = "<group>";
		};
		BB4141B31E458BA900A51775 /* Main.storyboard */ = {
			isa = PBXVariantGroup;
			children = (
				BB4141B41E458BA900A51775 /* Base */,
				BB3D1E911E8A2A2A00CA5B8F /* zh-Hans */,
				BB335B112057BCE3003A69F8 /* en */,
			);
			name = Main.storyboard;
			sourceTree = "<group>";
		};
		BB60F3071E889A1B00BA1FD2 /* MainMenu.xib */ = {
			isa = PBXVariantGroup;
			children = (
				BB60F3081E889A1B00BA1FD2 /* Base */,
			);
			name = MainMenu.xib;
			sourceTree = "<group>";
		};
		BB6139761FCCFA6700CBD808 /* Perference.storyboard */ = {
			isa = PBXVariantGroup;
			children = (
				BB6139751FCCFA6700CBD808 /* Base */,
				BB6139781FCCFAC800CBD808 /* zh-Hans */,
				BB335B132057BD03003A69F8 /* en */,
			);
			name = Perference.storyboard;
			sourceTree = "<group>";
		};
/* End PBXVariantGroup section */

/* Begin XCBuildConfiguration section */
		BB30651120878608008A9AC8 /* Debug */ = {
			isa = XCBuildConfiguration;
			buildSettings = {
			};
			name = Debug;
		};
		BB30651220878608008A9AC8 /* Release */ = {
			isa = XCBuildConfiguration;
			buildSettings = {
			};
			name = Release;
		};
		BB4141B71E458BA900A51775 /* Debug */ = {
			isa = XCBuildConfiguration;
			buildSettings = {
				CLANG_ANALYZER_LOCALIZABILITY_NONLOCALIZED = YES;
				CLANG_ANALYZER_NONNULL = YES;
				CLANG_CXX_LANGUAGE_STANDARD = "gnu++0x";
				CLANG_CXX_LIBRARY = "libc++";
				CLANG_ENABLE_MODULES = YES;
				CLANG_ENABLE_OBJC_ARC = YES;
				CLANG_WARN_BLOCK_CAPTURE_AUTORELEASING = YES;
				CLANG_WARN_BOOL_CONVERSION = YES;
				CLANG_WARN_COMMA = YES;
				CLANG_WARN_CONSTANT_CONVERSION = YES;
				CLANG_WARN_DEPRECATED_OBJC_IMPLEMENTATIONS = YES;
				CLANG_WARN_DIRECT_OBJC_ISA_USAGE = YES_ERROR;
				CLANG_WARN_DOCUMENTATION_COMMENTS = YES;
				CLANG_WARN_EMPTY_BODY = YES;
				CLANG_WARN_ENUM_CONVERSION = YES;
				CLANG_WARN_INFINITE_RECURSION = YES;
				CLANG_WARN_INT_CONVERSION = YES;
				CLANG_WARN_NON_LITERAL_NULL_CONVERSION = YES;
				CLANG_WARN_OBJC_IMPLICIT_RETAIN_SELF = YES;
				CLANG_WARN_OBJC_LITERAL_CONVERSION = YES;
				CLANG_WARN_OBJC_ROOT_CLASS = YES_ERROR;
				CLANG_WARN_RANGE_LOOP_ANALYSIS = YES;
				CLANG_WARN_STRICT_PROTOTYPES = YES;
				CLANG_WARN_SUSPICIOUS_MOVE = YES;
				CLANG_WARN_UNREACHABLE_CODE = YES;
				CLANG_WARN__DUPLICATE_METHOD_MATCH = YES;
				COPY_PHASE_STRIP = NO;
				DEBUG_INFORMATION_FORMAT = dwarf;
				ENABLE_STRICT_OBJC_MSGSEND = YES;
				GCC_C_LANGUAGE_STANDARD = gnu99;
				GCC_DYNAMIC_NO_PIC = NO;
				GCC_NO_COMMON_BLOCKS = YES;
				GCC_OPTIMIZATION_LEVEL = 0;
				GCC_PREPROCESSOR_DEFINITIONS = (
					"DEBUG=1",
					"$(inherited)",
				);
				GCC_WARN_64_TO_32_BIT_CONVERSION = YES;
				GCC_WARN_ABOUT_RETURN_TYPE = YES_ERROR;
				GCC_WARN_UNDECLARED_SELECTOR = YES;
				GCC_WARN_UNINITIALIZED_AUTOS = YES_AGGRESSIVE;
				GCC_WARN_UNUSED_FUNCTION = YES;
				GCC_WARN_UNUSED_VARIABLE = YES;
				MACOSX_DEPLOYMENT_TARGET = 10.12;
				MTL_ENABLE_DEBUG_INFO = YES;
				ONLY_ACTIVE_ARCH = YES;
				OTHER_SWIFT_FLAGS = "-DDEBUG";
				PRODUCT_NAME = "$(TARGET_NAME)";
				SDKROOT = macosx;
				SWIFT_ACTIVE_COMPILATION_CONDITIONS = "";
				SWIFT_OPTIMIZATION_LEVEL = "-Onone";
			};
			name = Debug;
		};
		BB4141B81E458BA900A51775 /* Release */ = {
			isa = XCBuildConfiguration;
			buildSettings = {
				CLANG_ANALYZER_LOCALIZABILITY_NONLOCALIZED = YES;
				CLANG_ANALYZER_NONNULL = YES;
				CLANG_CXX_LANGUAGE_STANDARD = "gnu++0x";
				CLANG_CXX_LIBRARY = "libc++";
				CLANG_ENABLE_MODULES = YES;
				CLANG_ENABLE_OBJC_ARC = YES;
				CLANG_WARN_BLOCK_CAPTURE_AUTORELEASING = YES;
				CLANG_WARN_BOOL_CONVERSION = YES;
				CLANG_WARN_COMMA = YES;
				CLANG_WARN_CONSTANT_CONVERSION = YES;
				CLANG_WARN_DEPRECATED_OBJC_IMPLEMENTATIONS = YES;
				CLANG_WARN_DIRECT_OBJC_ISA_USAGE = YES_ERROR;
				CLANG_WARN_DOCUMENTATION_COMMENTS = YES;
				CLANG_WARN_EMPTY_BODY = YES;
				CLANG_WARN_ENUM_CONVERSION = YES;
				CLANG_WARN_INFINITE_RECURSION = YES;
				CLANG_WARN_INT_CONVERSION = YES;
				CLANG_WARN_NON_LITERAL_NULL_CONVERSION = YES;
				CLANG_WARN_OBJC_IMPLICIT_RETAIN_SELF = YES;
				CLANG_WARN_OBJC_LITERAL_CONVERSION = YES;
				CLANG_WARN_OBJC_ROOT_CLASS = YES_ERROR;
				CLANG_WARN_RANGE_LOOP_ANALYSIS = YES;
				CLANG_WARN_STRICT_PROTOTYPES = YES;
				CLANG_WARN_SUSPICIOUS_MOVE = YES;
				CLANG_WARN_UNREACHABLE_CODE = YES;
				CLANG_WARN__DUPLICATE_METHOD_MATCH = YES;
				COPY_PHASE_STRIP = NO;
				DEBUG_INFORMATION_FORMAT = "dwarf-with-dsym";
				ENABLE_NS_ASSERTIONS = NO;
				ENABLE_STRICT_OBJC_MSGSEND = YES;
				GCC_C_LANGUAGE_STANDARD = gnu99;
				GCC_NO_COMMON_BLOCKS = YES;
				GCC_WARN_64_TO_32_BIT_CONVERSION = YES;
				GCC_WARN_ABOUT_RETURN_TYPE = YES_ERROR;
				GCC_WARN_UNDECLARED_SELECTOR = YES;
				GCC_WARN_UNINITIALIZED_AUTOS = YES_AGGRESSIVE;
				GCC_WARN_UNUSED_FUNCTION = YES;
				GCC_WARN_UNUSED_VARIABLE = YES;
				MACOSX_DEPLOYMENT_TARGET = 10.12;
				MTL_ENABLE_DEBUG_INFO = NO;
				OTHER_SWIFT_FLAGS = "-DRELEASE";
				PRODUCT_NAME = "$(TARGET_NAME)";
				SDKROOT = macosx;
				SWIFT_OPTIMIZATION_LEVEL = "-Owholemodule";
			};
			name = Release;
		};
		BB4141BA1E458BA900A51775 /* Debug */ = {
			isa = XCBuildConfiguration;
			buildSettings = {
				ASSETCATALOG_COMPILER_APPICON_NAME = AppIcon;
				CLANG_ENABLE_MODULES = YES;
				CODE_SIGN_ENTITLEMENTS = "LyricsX/Supporting Files/LyricsX.entitlements";
				CODE_SIGN_IDENTITY = "Mac Developer";
				COMBINE_HIDPI_IMAGES = YES;
				DEVELOPMENT_TEAM = 3665V726AE;
				FRAMEWORK_SEARCH_PATHS = (
					"$(inherited)",
					"$(PROJECT_DIR)/Carthage/Build/Mac",
					"$(PROJECT_DIR)",
					"$(PROJECT_DIR)/LyricsX/Frameworks",
				);
				INFOPLIST_FILE = "LyricsX/Supporting Files/Info.plist";
				LD_RUNPATH_SEARCH_PATHS = "$(inherited) @executable_path/../Frameworks";
				MACOSX_DEPLOYMENT_TARGET = 10.11;
				PRODUCT_BUNDLE_IDENTIFIER = ddddxxx.LyricsX;
				SWIFT_OBJC_BRIDGING_HEADER = "LyricsX/CBridge/LyricsX-Bridging-Header.h";
				SWIFT_VERSION = 4.0;
				SYSTEM_FRAMEWORK_SEARCH_PATHS = "$(inherited) $(SYSTEM_LIBRARY_DIR)/PrivateFrameworks";
			};
			name = Debug;
		};
		BB4141BB1E458BA900A51775 /* Release */ = {
			isa = XCBuildConfiguration;
			buildSettings = {
				ASSETCATALOG_COMPILER_APPICON_NAME = AppIcon;
				CLANG_ENABLE_MODULES = YES;
				CODE_SIGN_ENTITLEMENTS = "LyricsX/Supporting Files/LyricsX.entitlements";
				CODE_SIGN_IDENTITY = "Mac Developer";
				COMBINE_HIDPI_IMAGES = YES;
				DEVELOPMENT_TEAM = 3665V726AE;
				FRAMEWORK_SEARCH_PATHS = (
					"$(inherited)",
					"$(PROJECT_DIR)/Carthage/Build/Mac",
					"$(PROJECT_DIR)",
					"$(PROJECT_DIR)/LyricsX/Frameworks",
				);
				INFOPLIST_FILE = "LyricsX/Supporting Files/Info.plist";
				LD_RUNPATH_SEARCH_PATHS = "$(inherited) @executable_path/../Frameworks";
				MACOSX_DEPLOYMENT_TARGET = 10.11;
				PRODUCT_BUNDLE_IDENTIFIER = ddddxxx.LyricsX;
				SWIFT_ACTIVE_COMPILATION_CONDITIONS = IS_FOR_MAS;
				SWIFT_OBJC_BRIDGING_HEADER = "LyricsX/CBridge/LyricsX-Bridging-Header.h";
				SWIFT_VERSION = 4.0;
				SYSTEM_FRAMEWORK_SEARCH_PATHS = "$(inherited) $(SYSTEM_LIBRARY_DIR)/PrivateFrameworks";
			};
			name = Release;
		};
		BB60F30C1E889A1C00BA1FD2 /* Debug */ = {
			isa = XCBuildConfiguration;
			buildSettings = {
				ASSETCATALOG_COMPILER_APPICON_NAME = AppIcon;
				CODE_SIGN_ENTITLEMENTS = LyricsXHelper/LyricsXHelper.entitlements;
				CODE_SIGN_IDENTITY = "Mac Developer";
				COMBINE_HIDPI_IMAGES = YES;
				DEVELOPMENT_TEAM = 3665V726AE;
				INFOPLIST_FILE = LyricsXHelper/Info.plist;
				LD_RUNPATH_SEARCH_PATHS = "$(inherited) @executable_path/../Frameworks";
				MACOSX_DEPLOYMENT_TARGET = 10.10;
				PRODUCT_BUNDLE_IDENTIFIER = ddddxxx.LyricsXHelper;
				SKIP_INSTALL = YES;
				SWIFT_VERSION = 4.0;
			};
			name = Debug;
		};
		BB60F30D1E889A1C00BA1FD2 /* Release */ = {
			isa = XCBuildConfiguration;
			buildSettings = {
				ASSETCATALOG_COMPILER_APPICON_NAME = AppIcon;
				CODE_SIGN_ENTITLEMENTS = LyricsXHelper/LyricsXHelper.entitlements;
				CODE_SIGN_IDENTITY = "Mac Developer";
				COMBINE_HIDPI_IMAGES = YES;
				DEVELOPMENT_TEAM = 3665V726AE;
				INFOPLIST_FILE = LyricsXHelper/Info.plist;
				LD_RUNPATH_SEARCH_PATHS = "$(inherited) @executable_path/../Frameworks";
				MACOSX_DEPLOYMENT_TARGET = 10.10;
				PRODUCT_BUNDLE_IDENTIFIER = ddddxxx.LyricsXHelper;
				SKIP_INSTALL = YES;
				SWIFT_VERSION = 4.0;
			};
			name = Release;
		};
/* End XCBuildConfiguration section */

/* Begin XCConfigurationList section */
		BB30651320878608008A9AC8 /* Build configuration list for PBXAggregateTarget "SwiftLint" */ = {
			isa = XCConfigurationList;
			buildConfigurations = (
				BB30651120878608008A9AC8 /* Debug */,
				BB30651220878608008A9AC8 /* Release */,
			);
			defaultConfigurationIsVisible = 0;
			defaultConfigurationName = Release;
		};
		BB4141A51E458BA800A51775 /* Build configuration list for PBXProject "LyricsX" */ = {
			isa = XCConfigurationList;
			buildConfigurations = (
				BB4141B71E458BA900A51775 /* Debug */,
				BB4141B81E458BA900A51775 /* Release */,
			);
			defaultConfigurationIsVisible = 0;
			defaultConfigurationName = Release;
		};
		BB4141B91E458BA900A51775 /* Build configuration list for PBXNativeTarget "LyricsX" */ = {
			isa = XCConfigurationList;
			buildConfigurations = (
				BB4141BA1E458BA900A51775 /* Debug */,
				BB4141BB1E458BA900A51775 /* Release */,
			);
			defaultConfigurationIsVisible = 0;
			defaultConfigurationName = Release;
		};
		BB60F30B1E889A1C00BA1FD2 /* Build configuration list for PBXNativeTarget "LyricsXHelper" */ = {
			isa = XCConfigurationList;
			buildConfigurations = (
				BB60F30C1E889A1C00BA1FD2 /* Debug */,
				BB60F30D1E889A1C00BA1FD2 /* Release */,
			);
			defaultConfigurationIsVisible = 0;
			defaultConfigurationName = Release;
		};
/* End XCConfigurationList section */
	};
	rootObject = BB4141A21E458BA800A51775 /* Project object */;
}
