// !$*UTF8*$!
{
	archiveVersion = 1;
	classes = {
	};
	objectVersion = 46;
	objects = {

/* Begin PBXBuildFile section */
		BB4141AE1E458BA800A51775 /* AppDelegate.swift in Sources */ = {isa = PBXBuildFile; fileRef = BB4141AD1E458BA800A51775 /* AppDelegate.swift */; };
		BB4141B21E458BA800A51775 /* Assets.xcassets in Resources */ = {isa = PBXBuildFile; fileRef = BB4141B11E458BA800A51775 /* Assets.xcassets */; };
		BB4141B51E458BA900A51775 /* Main.storyboard in Resources */ = {isa = PBXBuildFile; fileRef = BB4141B31E458BA900A51775 /* Main.storyboard */; };
		BB4141C01E45B67800A51775 /* DesktopLyricsController.swift in Sources */ = {isa = PBXBuildFile; fileRef = BB4141BF1E45B67800A51775 /* DesktopLyricsController.swift */; };
		BB4141C81E46CDD700A51775 /* SnapKit.framework in Frameworks */ = {isa = PBXBuildFile; fileRef = BB4141C61E46CDD200A51775 /* SnapKit.framework */; };
		BB4141C91E46CDD700A51775 /* SnapKit.framework in Embed Frameworks */ = {isa = PBXBuildFile; fileRef = BB4141C61E46CDD200A51775 /* SnapKit.framework */; settings = {ATTRIBUTES = (CodeSignOnCopy, RemoveHeadersOnCopy, ); }; };
		BB4141CC1E47444200A51775 /* LyricsXiami.swift in Sources */ = {isa = PBXBuildFile; fileRef = BB4141CB1E47444200A51775 /* LyricsXiami.swift */; };
		BB4141CE1E4745EA00A51775 /* SwiftyJSON.framework in Frameworks */ = {isa = PBXBuildFile; fileRef = BB4141CD1E4745EA00A51775 /* SwiftyJSON.framework */; };
		BB4141D01E47461800A51775 /* SwiftyJSON.framework in Embed Frameworks */ = {isa = PBXBuildFile; fileRef = BB4141CD1E4745EA00A51775 /* SwiftyJSON.framework */; settings = {ATTRIBUTES = (CodeSignOnCopy, RemoveHeadersOnCopy, ); }; };
		BB4141D81E475DD100A51775 /* iTunes.swift in Sources */ = {isa = PBXBuildFile; fileRef = BB4141D71E475DD100A51775 /* iTunes.swift */; };
		BB4141DA1E4761F900A51775 /* LXLyrics.swift in Sources */ = {isa = PBXBuildFile; fileRef = BB4141D91E4761F900A51775 /* LXLyrics.swift */; };
		BBC1D35B1E485BA7002538A2 /* iTunesHelper.swift in Sources */ = {isa = PBXBuildFile; fileRef = BBC1D35A1E485BA7002538A2 /* iTunesHelper.swift */; };
		BBC1D35F1E499A6D002538A2 /* GlobalConst.swift in Sources */ = {isa = PBXBuildFile; fileRef = BBC1D35E1E499A6D002538A2 /* GlobalConst.swift */; };
/* End PBXBuildFile section */

/* Begin PBXCopyFilesBuildPhase section */
		BB4141CA1E46CDD700A51775 /* Embed Frameworks */ = {
			isa = PBXCopyFilesBuildPhase;
			buildActionMask = 2147483647;
			dstPath = "";
			dstSubfolderSpec = 10;
			files = (
				BB4141D01E47461800A51775 /* SwiftyJSON.framework in Embed Frameworks */,
				BB4141C91E46CDD700A51775 /* SnapKit.framework in Embed Frameworks */,
			);
			name = "Embed Frameworks";
			runOnlyForDeploymentPostprocessing = 0;
		};
/* End PBXCopyFilesBuildPhase section */

/* Begin PBXFileReference section */
		BB4141AA1E458BA800A51775 /* LyricsX.app */ = {isa = PBXFileReference; explicitFileType = wrapper.application; includeInIndex = 0; path = LyricsX.app; sourceTree = BUILT_PRODUCTS_DIR; };
		BB4141AD1E458BA800A51775 /* AppDelegate.swift */ = {isa = PBXFileReference; lastKnownFileType = sourcecode.swift; path = AppDelegate.swift; sourceTree = "<group>"; };
		BB4141B11E458BA800A51775 /* Assets.xcassets */ = {isa = PBXFileReference; lastKnownFileType = folder.assetcatalog; path = Assets.xcassets; sourceTree = "<group>"; };
		BB4141B41E458BA900A51775 /* Base */ = {isa = PBXFileReference; lastKnownFileType = file.storyboard; name = Base; path = Base.lproj/Main.storyboard; sourceTree = "<group>"; };
		BB4141B61E458BA900A51775 /* Info.plist */ = {isa = PBXFileReference; lastKnownFileType = text.plist.xml; path = Info.plist; sourceTree = "<group>"; };
		BB4141BF1E45B67800A51775 /* DesktopLyricsController.swift */ = {isa = PBXFileReference; fileEncoding = 4; lastKnownFileType = sourcecode.swift; path = DesktopLyricsController.swift; sourceTree = "<group>"; };
		BB4141C61E46CDD200A51775 /* SnapKit.framework */ = {isa = PBXFileReference; lastKnownFileType = wrapper.framework; name = SnapKit.framework; path = Carthage/Build/Mac/SnapKit.framework; sourceTree = "<group>"; };
		BB4141CB1E47444200A51775 /* LyricsXiami.swift */ = {isa = PBXFileReference; fileEncoding = 4; lastKnownFileType = sourcecode.swift; path = LyricsXiami.swift; sourceTree = "<group>"; };
		BB4141CD1E4745EA00A51775 /* SwiftyJSON.framework */ = {isa = PBXFileReference; lastKnownFileType = wrapper.framework; name = SwiftyJSON.framework; path = Carthage/Build/Mac/SwiftyJSON.framework; sourceTree = "<group>"; };
		BB4141D71E475DD100A51775 /* iTunes.swift */ = {isa = PBXFileReference; fileEncoding = 4; lastKnownFileType = sourcecode.swift; path = iTunes.swift; sourceTree = "<group>"; };
		BB4141D91E4761F900A51775 /* LXLyrics.swift */ = {isa = PBXFileReference; fileEncoding = 4; lastKnownFileType = sourcecode.swift; path = LXLyrics.swift; sourceTree = "<group>"; };
		BBC1D35A1E485BA7002538A2 /* iTunesHelper.swift */ = {isa = PBXFileReference; fileEncoding = 4; lastKnownFileType = sourcecode.swift; path = iTunesHelper.swift; sourceTree = "<group>"; };
		BBC1D35E1E499A6D002538A2 /* GlobalConst.swift */ = {isa = PBXFileReference; fileEncoding = 4; lastKnownFileType = sourcecode.swift; path = GlobalConst.swift; sourceTree = "<group>"; };
/* End PBXFileReference section */

/* Begin PBXFrameworksBuildPhase section */
		BB4141A71E458BA800A51775 /* Frameworks */ = {
			isa = PBXFrameworksBuildPhase;
			buildActionMask = 2147483647;
			files = (
				BB4141C81E46CDD700A51775 /* SnapKit.framework in Frameworks */,
				BB4141CE1E4745EA00A51775 /* SwiftyJSON.framework in Frameworks */,
			);
			runOnlyForDeploymentPostprocessing = 0;
		};
/* End PBXFrameworksBuildPhase section */

/* Begin PBXGroup section */
		BB4141A11E458BA800A51775 = {
			isa = PBXGroup;
			children = (
				BB4141CD1E4745EA00A51775 /* SwiftyJSON.framework */,
				BB4141C61E46CDD200A51775 /* SnapKit.framework */,
				BB4141AC1E458BA800A51775 /* LyricsX */,
				BB4141AB1E458BA800A51775 /* Products */,
			);
			sourceTree = "<group>";
		};
		BB4141AB1E458BA800A51775 /* Products */ = {
			isa = PBXGroup;
			children = (
				BB4141AA1E458BA800A51775 /* LyricsX.app */,
			);
			name = Products;
			sourceTree = "<group>";
		};
		BB4141AC1E458BA800A51775 /* LyricsX */ = {
			isa = PBXGroup;
			children = (
				BB4141AD1E458BA800A51775 /* AppDelegate.swift */,
				BB4141BF1E45B67800A51775 /* DesktopLyricsController.swift */,
				BB4141D91E4761F900A51775 /* LXLyrics.swift */,
				BBC1D35A1E485BA7002538A2 /* iTunesHelper.swift */,
				BB4141CB1E47444200A51775 /* LyricsXiami.swift */,
				BB4141D71E475DD100A51775 /* iTunes.swift */,
				BBC1D35E1E499A6D002538A2 /* GlobalConst.swift */,
				BB4141B31E458BA900A51775 /* Main.storyboard */,
				BB4141BC1E45B26800A51775 /* Support Files */,
			);
			path = LyricsX;
			sourceTree = "<group>";
		};
		BB4141BC1E45B26800A51775 /* Support Files */ = {
			isa = PBXGroup;
			children = (
				BB4141B11E458BA800A51775 /* Assets.xcassets */,
				BB4141B61E458BA900A51775 /* Info.plist */,
			);
			name = "Support Files";
			sourceTree = "<group>";
		};
/* End PBXGroup section */

/* Begin PBXNativeTarget section */
		BB4141A91E458BA800A51775 /* LyricsX */ = {
			isa = PBXNativeTarget;
			buildConfigurationList = BB4141B91E458BA900A51775 /* Build configuration list for PBXNativeTarget "LyricsX" */;
			buildPhases = (
				BB4141A61E458BA800A51775 /* Sources */,
				BB4141A71E458BA800A51775 /* Frameworks */,
				BB4141A81E458BA800A51775 /* Resources */,
				BB4141CA1E46CDD700A51775 /* Embed Frameworks */,
			);
			buildRules = (
			);
			dependencies = (
			);
			name = LyricsX;
			productName = LyricsX;
			productReference = BB4141AA1E458BA800A51775 /* LyricsX.app */;
			productType = "com.apple.product-type.application";
		};
/* End PBXNativeTarget section */

/* Begin PBXProject section */
		BB4141A21E458BA800A51775 /* Project object */ = {
			isa = PBXProject;
			attributes = {
				LastSwiftUpdateCheck = 0820;
				LastUpgradeCheck = 0820;
				ORGANIZATIONNAME = ddddxxx;
				TargetAttributes = {
					BB4141A91E458BA800A51775 = {
						CreatedOnToolsVersion = 8.2.1;
						DevelopmentTeam = KCY8NMTG34;
						ProvisioningStyle = Automatic;
					};
				};
			};
			buildConfigurationList = BB4141A51E458BA800A51775 /* Build configuration list for PBXProject "LyricsX" */;
			compatibilityVersion = "Xcode 3.2";
			developmentRegion = English;
			hasScannedForEncodings = 0;
			knownRegions = (
				en,
				Base,
			);
			mainGroup = BB4141A11E458BA800A51775;
			productRefGroup = BB4141AB1E458BA800A51775 /* Products */;
			projectDirPath = "";
			projectRoot = "";
			targets = (
				BB4141A91E458BA800A51775 /* LyricsX */,
			);
		};
/* End PBXProject section */

/* Begin PBXResourcesBuildPhase section */
		BB4141A81E458BA800A51775 /* Resources */ = {
			isa = PBXResourcesBuildPhase;
			buildActionMask = 2147483647;
			files = (
				BB4141B21E458BA800A51775 /* Assets.xcassets in Resources */,
				BB4141B51E458BA900A51775 /* Main.storyboard in Resources */,
			);
			runOnlyForDeploymentPostprocessing = 0;
		};
/* End PBXResourcesBuildPhase section */

/* Begin PBXSourcesBuildPhase section */
		BB4141A61E458BA800A51775 /* Sources */ = {
			isa = PBXSourcesBuildPhase;
			buildActionMask = 2147483647;
			files = (
				BB4141C01E45B67800A51775 /* DesktopLyricsController.swift in Sources */,
				BB4141CC1E47444200A51775 /* LyricsXiami.swift in Sources */,
				BB4141AE1E458BA800A51775 /* AppDelegate.swift in Sources */,
				BBC1D35F1E499A6D002538A2 /* GlobalConst.swift in Sources */,
				BB4141DA1E4761F900A51775 /* LXLyrics.swift in Sources */,
				BB4141D81E475DD100A51775 /* iTunes.swift in Sources */,
				BBC1D35B1E485BA7002538A2 /* iTunesHelper.swift in Sources */,
			);
			runOnlyForDeploymentPostprocessing = 0;
		};
/* End PBXSourcesBuildPhase section */

/* Begin PBXVariantGroup section */
		BB4141B31E458BA900A51775 /* Main.storyboard */ = {
			isa = PBXVariantGroup;
			children = (
				BB4141B41E458BA900A51775 /* Base */,
			);
			name = Main.storyboard;
			sourceTree = "<group>";
		};
/* End PBXVariantGroup section */

/* Begin XCBuildConfiguration section */
		BB4141B71E458BA900A51775 /* Debug */ = {
			isa = XCBuildConfiguration;
			buildSettings = {
				ALWAYS_SEARCH_USER_PATHS = NO;
				CLANG_ANALYZER_NONNULL = YES;
				CLANG_CXX_LANGUAGE_STANDARD = "gnu++0x";
				CLANG_CXX_LIBRARY = "libc++";
				CLANG_ENABLE_MODULES = YES;
				CLANG_ENABLE_OBJC_ARC = YES;
				CLANG_WARN_BOOL_CONVERSION = YES;
				CLANG_WARN_CONSTANT_CONVERSION = YES;
				CLANG_WARN_DIRECT_OBJC_ISA_USAGE = YES_ERROR;
				CLANG_WARN_DOCUMENTATION_COMMENTS = YES;
				CLANG_WARN_EMPTY_BODY = YES;
				CLANG_WARN_ENUM_CONVERSION = YES;
				CLANG_WARN_INFINITE_RECURSION = YES;
				CLANG_WARN_INT_CONVERSION = YES;
				CLANG_WARN_OBJC_ROOT_CLASS = YES_ERROR;
				CLANG_WARN_SUSPICIOUS_MOVE = YES;
				CLANG_WARN_UNREACHABLE_CODE = YES;
				CLANG_WARN__DUPLICATE_METHOD_MATCH = YES;
				CODE_SIGN_IDENTITY = "-";
				COPY_PHASE_STRIP = NO;
				DEBUG_INFORMATION_FORMAT = dwarf;
				ENABLE_STRICT_OBJC_MSGSEND = YES;
				ENABLE_TESTABILITY = YES;
				GCC_C_LANGUAGE_STANDARD = gnu99;
				GCC_DYNAMIC_NO_PIC = NO;
				GCC_NO_COMMON_BLOCKS = YES;
				GCC_OPTIMIZATION_LEVEL = 0;
				GCC_PREPROCESSOR_DEFINITIONS = (
					"DEBUG=1",
					"$(inherited)",
				);
				GCC_WARN_64_TO_32_BIT_CONVERSION = YES;
				GCC_WARN_ABOUT_RETURN_TYPE = YES_ERROR;
				GCC_WARN_UNDECLARED_SELECTOR = YES;
				GCC_WARN_UNINITIALIZED_AUTOS = YES_AGGRESSIVE;
				GCC_WARN_UNUSED_FUNCTION = YES;
				GCC_WARN_UNUSED_VARIABLE = YES;
				MACOSX_DEPLOYMENT_TARGET = 10.12;
				MTL_ENABLE_DEBUG_INFO = YES;
				ONLY_ACTIVE_ARCH = YES;
				SDKROOT = macosx;
				SWIFT_ACTIVE_COMPILATION_CONDITIONS = DEBUG;
				SWIFT_OPTIMIZATION_LEVEL = "-Onone";
			};
			name = Debug;
		};
		BB4141B81E458BA900A51775 /* Release */ = {
			isa = XCBuildConfiguration;
			buildSettings = {
				ALWAYS_SEARCH_USER_PATHS = NO;
				CLANG_ANALYZER_NONNULL = YES;
				CLANG_CXX_LANGUAGE_STANDARD = "gnu++0x";
				CLANG_CXX_LIBRARY = "libc++";
				CLANG_ENABLE_MODULES = YES;
				CLANG_ENABLE_OBJC_ARC = YES;
				CLANG_WARN_BOOL_CONVERSION = YES;
				CLANG_WARN_CONSTANT_CONVERSION = YES;
				CLANG_WARN_DIRECT_OBJC_ISA_USAGE = YES_ERROR;
				CLANG_WARN_DOCUMENTATION_COMMENTS = YES;
				CLANG_WARN_EMPTY_BODY = YES;
				CLANG_WARN_ENUM_CONVERSION = YES;
				CLANG_WARN_INFINITE_RECURSION = YES;
				CLANG_WARN_INT_CONVERSION = YES;
				CLANG_WARN_OBJC_ROOT_CLASS = YES_ERROR;
				CLANG_WARN_SUSPICIOUS_MOVE = YES;
				CLANG_WARN_UNREACHABLE_CODE = YES;
				CLANG_WARN__DUPLICATE_METHOD_MATCH = YES;
				CODE_SIGN_IDENTITY = "-";
				COPY_PHASE_STRIP = NO;
				DEBUG_INFORMATION_FORMAT = "dwarf-with-dsym";
				ENABLE_NS_ASSERTIONS = NO;
				ENABLE_STRICT_OBJC_MSGSEND = YES;
				GCC_C_LANGUAGE_STANDARD = gnu99;
				GCC_NO_COMMON_BLOCKS = YES;
				GCC_WARN_64_TO_32_BIT_CONVERSION = YES;
				GCC_WARN_ABOUT_RETURN_TYPE = YES_ERROR;
				GCC_WARN_UNDECLARED_SELECTOR = YES;
				GCC_WARN_UNINITIALIZED_AUTOS = YES_AGGRESSIVE;
				GCC_WARN_UNUSED_FUNCTION = YES;
				GCC_WARN_UNUSED_VARIABLE = YES;
				MACOSX_DEPLOYMENT_TARGET = 10.12;
				MTL_ENABLE_DEBUG_INFO = NO;
				SDKROOT = macosx;
				SWIFT_OPTIMIZATION_LEVEL = "-Owholemodule";
			};
			name = Release;
		};
		BB4141BA1E458BA900A51775 /* Debug */ = {
			isa = XCBuildConfiguration;
			buildSettings = {
				ASSETCATALOG_COMPILER_APPICON_NAME = AppIcon;
				COMBINE_HIDPI_IMAGES = YES;
				DEVELOPMENT_TEAM = KCY8NMTG34;
				FRAMEWORK_SEARCH_PATHS = (
					"$(inherited)",
					"$(PROJECT_DIR)/Carthage/Build/Mac",
				);
				INFOPLIST_FILE = LyricsX/Info.plist;
				LD_RUNPATH_SEARCH_PATHS = "$(inherited) @executable_path/../Frameworks";
				PRODUCT_BUNDLE_IDENTIFIER = ddddxxx.LyricsX;
				PRODUCT_NAME = "$(TARGET_NAME)";
				SWIFT_VERSION = 3.0;
			};
			name = Debug;
		};
		BB4141BB1E458BA900A51775 /* Release */ = {
			isa = XCBuildConfiguration;
			buildSettings = {
				ASSETCATALOG_COMPILER_APPICON_NAME = AppIcon;
				COMBINE_HIDPI_IMAGES = YES;
				DEVELOPMENT_TEAM = KCY8NMTG34;
				FRAMEWORK_SEARCH_PATHS = (
					"$(inherited)",
					"$(PROJECT_DIR)/Carthage/Build/Mac",
				);
				INFOPLIST_FILE = LyricsX/Info.plist;
				LD_RUNPATH_SEARCH_PATHS = "$(inherited) @executable_path/../Frameworks";
				PRODUCT_BUNDLE_IDENTIFIER = ddddxxx.LyricsX;
				PRODUCT_NAME = "$(TARGET_NAME)";
				SWIFT_VERSION = 3.0;
			};
			name = Release;
		};
/* End XCBuildConfiguration section */

/* Begin XCConfigurationList section */
		BB4141A51E458BA800A51775 /* Build configuration list for PBXProject "LyricsX" */ = {
			isa = XCConfigurationList;
			buildConfigurations = (
				BB4141B71E458BA900A51775 /* Debug */,
				BB4141B81E458BA900A51775 /* Release */,
			);
			defaultConfigurationIsVisible = 0;
			defaultConfigurationName = Release;
		};
		BB4141B91E458BA900A51775 /* Build configuration list for PBXNativeTarget "LyricsX" */ = {
			isa = XCConfigurationList;
			buildConfigurations = (
				BB4141BA1E458BA900A51775 /* Debug */,
				BB4141BB1E458BA900A51775 /* Release */,
			);
			defaultConfigurationIsVisible = 0;
			defaultConfigurationName = Release;
		};
/* End XCConfigurationList section */
	};
	rootObject = BB4141A21E458BA800A51775 /* Project object */;
}
